lockfileVersion: '9.0'

settings:
  autoInstallPeers: true
  excludeLinksFromLockfile: false

importers:

  .:
    dependencies:
      '@prisma/client':
        specifier: ^5.15.1
        version: 5.15.1(prisma@5.15.1)
      chalk:
        specifier: ^5.3.0
        version: 5.3.0
      discord-api-types:
        specifier: ^0.37.90
        version: 0.37.90
      dotenv:
        specifier: ^16.4.5
        version: 16.4.5
      humanize-duration:
        specifier: ^3.32.1
        version: 3.32.1
      kazagumo:
        specifier: ^3.0.5
        version: 3.0.5
      kazagumo-spotify:
        specifier: ^2.1.0
        version: 2.1.0
      ms:
        specifier: ^2.1.3
        version: 2.1.3
      seyfert:
        specifier: github:tiramisulabs/seyfert
        version: https://codeload.github.com/tiramisulabs/seyfert/tar.gz/017ccfc3bf8a12c7fb3503fb7d1ee65bce1444dc
      shoukaku:
        specifier: github:shipgirlproject/Shoukaku
        version: https://codeload.github.com/shipgirlproject/Shoukaku/tar.gz/8d77908cfc903456613942f607cff207dda57b6f
    devDependencies:
      '@biomejs/biome':
        specifier: ^1.8.1
        version: 1.8.1
      '@types/humanize-duration':
        specifier: ^3.27.4
        version: 3.27.4
      '@types/ms':
        specifier: ^0.7.34
        version: 0.7.34
      '@types/node':
        specifier: ^20.14.5
        version: 20.14.5
      husky:
        specifier: ^9.0.11
        version: 9.0.11
      lint-staged:
        specifier: ^15.2.7
        version: 15.2.7
      prisma:
        specifier: ^5.15.1
        version: 5.15.1
      tsc-watch:
        specifier: ^6.2.0
        version: 6.2.0(typescript@5.4.5)
      typescript:
        specifier: ^5.4.5
        version: 5.4.5

packages:

  '@biomejs/biome@1.8.1':
    resolution: {integrity: sha512-fQXGfvq6DIXem12dGQCM2tNF+vsNHH1qs3C7WeOu75Pd0trduoTmoO7G4ntLJ2qDs5wuw981H+cxQhi1uHnAtA==}
    engines: {node: '>=14.21.3'}
    hasBin: true

  '@biomejs/cli-darwin-arm64@1.8.1':
    resolution: {integrity: sha512-XLiB7Uu6GALIOBWzQ2aMD0ru4Ly5/qSeQF7kk3AabzJ/kwsEWSe33iVySBP/SS2qv25cgqNiLksjGcw2bHT3mw==}
    engines: {node: '>=14.21.3'}
    cpu: [arm64]
    os: [darwin]

  '@biomejs/cli-darwin-x64@1.8.1':
    resolution: {integrity: sha512-uMTSxVLMfqkBVqyc25hSn83jBbp+wtWjzM/pHFlKXt3htJuw7FErVGW0nmQ9Sxa9vJ7GcqoltLMl28VQRIMYzg==}
    engines: {node: '>=14.21.3'}
    cpu: [x64]
    os: [darwin]

  '@biomejs/cli-linux-arm64-musl@1.8.1':
    resolution: {integrity: sha512-UQ8Wc01J0wQL+5AYOc7qkJn20B4PZmQL1KrmDZh7ot0DvD6aX4+8mmfd/dG5b6Zjo/44QvCKcvkFGCMRYuhWZA==}
    engines: {node: '>=14.21.3'}
    cpu: [arm64]
    os: [linux]

  '@biomejs/cli-linux-arm64@1.8.1':
    resolution: {integrity: sha512-3SzZRuC/9Oi2P2IBNPsEj0KXxSXUEYRR2kfRF/Ve8QAfGgrt4qnwuWd6QQKKN5R+oYH691qjm+cXBKEcrP1v/Q==}
    engines: {node: '>=14.21.3'}
    cpu: [arm64]
    os: [linux]

  '@biomejs/cli-linux-x64-musl@1.8.1':
    resolution: {integrity: sha512-fYbP/kNu/rtZ4kKzWVocIdqZOtBSUEg9qUhZaao3dy3CRzafR6u6KDtBeSCnt47O+iLnks1eOR1TUxzr5+QuqA==}
    engines: {node: '>=14.21.3'}
    cpu: [x64]
    os: [linux]

  '@biomejs/cli-linux-x64@1.8.1':
    resolution: {integrity: sha512-AeBycVdNrTzsyYKEOtR2R0Ph0hCD0sCshcp2aOnfGP0hCZbtFg09D0SdKLbyzKntisY41HxKVrydYiaApp+2uw==}
    engines: {node: '>=14.21.3'}
    cpu: [x64]
    os: [linux]

  '@biomejs/cli-win32-arm64@1.8.1':
    resolution: {integrity: sha512-6tEd1H/iFKpgpE3OIB7oNgW5XkjiVMzMRPL8zYoZ036YfuJ5nMYm9eB9H/y81+8Z76vL48fiYzMPotJwukGPqQ==}
    engines: {node: '>=14.21.3'}
    cpu: [arm64]
    os: [win32]

  '@biomejs/cli-win32-x64@1.8.1':
    resolution: {integrity: sha512-g2H31jJzYmS4jkvl6TiyEjEX+Nv79a5km/xn+5DARTp5MBFzC9gwceusSSB2AkJKqZzY131AiACAWjKrVt5Ijw==}
    engines: {node: '>=14.21.3'}
    cpu: [x64]
    os: [win32]

  '@fastify/busboy@2.1.1':
    resolution: {integrity: sha512-vBZP4NlzfOlerQTnba4aqZoMhE/a9HY7HRqoOPaETQcSQuWEIyZMHGfVu6w9wGtGK5fED5qRs2DteVCjOH60sA==}
    engines: {node: '>=14'}

  '@ioredis/commands@1.2.0':
    resolution: {integrity: sha512-Sx1pU8EM64o2BrqNpEO1CNLtKQwyhuXuqyfH7oGKCk+1a33d2r5saW8zNwm3j6BTExtjrv2BxTgzzkMwts6vGg==}

  '@prisma/client@5.15.1':
    resolution: {integrity: sha512-fmZRGmsUJ9+VwC/AvfP/PwdpD0xAEyPvNsD9/B3+GYpETq9VejVRT3PiqNvl76q1uYYzNZeo8u/LmzzTetHSEg==}
    engines: {node: '>=16.13'}
    peerDependencies:
      prisma: '*'
    peerDependenciesMeta:
      prisma:
        optional: true

  '@prisma/debug@5.15.1':
    resolution: {integrity: sha512-NQjdEplhXEcPvf84ghxExC+LD+iTimbg3sZvA3BhybVQIocBEBxFf9GTHhmRVPmjrWoBaYJBVgEEBXZT27JTbQ==}

  '@prisma/engines-version@5.15.1-1.5675a3182f972f1a8f31d16eee6abf4fd54910e3':
    resolution: {integrity: sha512-7csphKGCG6n/cN1MkT1mJvQ78Ir18IknlYZ8eyEoLKdQBb0HscR/6TyPmzqrMA7Rz01K1KeXqctwAqxtA/lKQg==}

  '@prisma/engines@5.15.1':
    resolution: {integrity: sha512-1iTRxJEFvpBpEWf2bYiMG6LBBQhX7X+GA5piH+tmPWgc/v+/ElxQf2kjQxby8AErmZqtZkdoKJ7FSRjNjBPE9Q==}

  '@prisma/fetch-engine@5.15.1':
    resolution: {integrity: sha512-mj0wfsJ+mAdDp1ynT2JKxAXa+CoYMT267qF7g2Uv+oaVTI2CMfGWouMARht8T2QLTgl+gpXSFTwIYbcR+oWEtw==}

  '@prisma/get-platform@5.15.1':
    resolution: {integrity: sha512-oFccp7bYys+ZYkmtYzjR+0cRrGKvSuF+h5QhSkyEsYQ9kzJzQRvuWt2SiHRPt8xOQ4MTmujM+bP5uOexnnAHdQ==}

  '@types/humanize-duration@3.27.4':
    resolution: {integrity: sha512-yaf7kan2Sq0goxpbcwTQ+8E9RP6HutFBPv74T/IA/ojcHKhuKVlk2YFYyHhWZeLvZPzzLE3aatuQB4h0iqyyUA==}

  '@types/ms@0.7.34':
    resolution: {integrity: sha512-nG96G3Wp6acyAgJqGasjODb+acrI7KltPiRxzHPXnP3NgI28bpQDRv53olbqGXbfcgF5aiiHmO3xpwEpS5Ld9g==}

  '@types/node@20.14.5':
    resolution: {integrity: sha512-aoRR+fJkZT2l0aGOJhuA8frnCSoNX6W7U2mpNq63+BxBIj5BQFt8rHy627kijCmm63ijdSdwvGgpUsU6MBsZZA==}

  ansi-escapes@6.2.1:
    resolution: {integrity: sha512-4nJ3yixlEthEJ9Rk4vPcdBRkZvQZlYyu8j4/Mqz5sgIkddmEnH2Yj2ZrnP9S3tQOvSNRUIgVNF/1yPpRAGNRig==}
    engines: {node: '>=14.16'}

  ansi-regex@6.0.1:
    resolution: {integrity: sha512-n5M855fKb2SsfMIiFFoVrABHJC8QtHwVx+mHWP3QcEqBHYienj5dHSgjbxtC0WEZXYt4wcD6zrQElDPhFuZgfA==}
    engines: {node: '>=12'}

  ansi-styles@6.2.1:
    resolution: {integrity: sha512-bN798gFfQX+viw3R7yrGWRqnrN2oRkEkUjjl4JNn4E8GxxbjtG3FbrEIIY3l8/hrwUwIeCZvi4QuOTP4MErVug==}
    engines: {node: '>=12'}

  anymatch@3.1.3:
    resolution: {integrity: sha512-KMReFUr0B4t+D+OBkjR3KYqvocp2XaSzO55UcB6mgQMd3KbcE+mWTyvVV7D/zsdEbNnV6acZUutkiHQXvTr1Rw==}
    engines: {node: '>= 8'}

  binary-extensions@2.3.0:
    resolution: {integrity: sha512-Ceh+7ox5qe7LJuLHoY0feh3pHuUDHAcRUeyL2VYghZwfpkNIy/+8Ocg0a3UuSoYzavmylwuLWQOf3hl0jjMMIw==}
    engines: {node: '>=8'}

  braces@3.0.3:
    resolution: {integrity: sha512-yQbXgO/OSZVD2IsiLlro+7Hf6Q18EJrKSEsdoMzKePKXct3gvD8oLcOQdIzGupr5Fj+EDe8gO/lxc1BzfMpxvA==}
    engines: {node: '>=8'}

  chalk@5.3.0:
    resolution: {integrity: sha512-dLitG79d+GV1Nb/VYcCDFivJeK1hiukt9QjRNVOsUtTy1rR1YJsmpGGTZ3qJos+uw7WmWF4wUwBd9jxjocFC2w==}
    engines: {node: ^12.17.0 || ^14.13 || >=16.0.0}

  chokidar@3.6.0:
    resolution: {integrity: sha512-7VT13fmjotKpGipCW9JEQAusEPE+Ei8nl6/g4FBAmIm0GOOLMua9NDDo/DWp0ZAxCr3cPq5ZpBqmPAQgDda2Pw==}
    engines: {node: '>= 8.10.0'}

  cli-cursor@4.0.0:
    resolution: {integrity: sha512-VGtlMu3x/4DOtIUwEkRezxUZ2lBacNJCHash0N0WeZDBS+7Ux1dm3XWAgWYxLJFMMdOeXMHXorshEFhbMSGelg==}
    engines: {node: ^12.20.0 || ^14.13.1 || >=16.0.0}

  cli-truncate@4.0.0:
    resolution: {integrity: sha512-nPdaFdQ0h/GEigbPClz11D0v/ZJEwxmeVZGeMo3Z5StPtUTkA9o1lD6QwoirYiSDzbcwn2XcjwmCp68W1IS4TA==}
    engines: {node: '>=18'}

  cluster-key-slot@1.1.2:
    resolution: {integrity: sha512-RMr0FhtfXemyinomL4hrWcYJxmX6deFdCxpJzhDttxgO1+bcCnkk+9drydLVDmAMG7NE6aN/fl4F7ucU/90gAA==}
    engines: {node: '>=0.10.0'}

  colorette@2.0.20:
    resolution: {integrity: sha512-IfEDxwoWIjkeXL1eXcDiow4UbKjhLdq6/EuSVR9GMN7KVH3r9gQ83e73hsz1Nd1T3ijd5xv1wcWRYO+D6kCI2w==}

  commander@12.1.0:
    resolution: {integrity: sha512-Vw8qHK3bZM9y/P10u3Vib8o/DdkvA2OtPtZvD871QKjy74Wj1WSKFILMPRPSdUSx5RFK1arlJzEtA4PkFgnbuA==}
    engines: {node: '>=18'}

  cross-spawn@7.0.3:
    resolution: {integrity: sha512-iRDPJKUPVEND7dHPO8rkbOnPpyDygcDFtWjpeWNCgy8WP2rXcxXL8TskReQl6OrB2G7+UJrags1q15Fudc7G6w==}
    engines: {node: '>= 8'}

  debug@4.3.5:
    resolution: {integrity: sha512-pt0bNEmneDIvdL1Xsd9oDQ/wrQRkXDT4AUWlNZNPKvW5x/jyO9VFXkJUP07vQ2upmw5PlaITaPKc31jK13V+jg==}
    engines: {node: '>=6.0'}
    peerDependencies:
      supports-color: '*'
    peerDependenciesMeta:
      supports-color:
        optional: true

  denque@2.1.0:
    resolution: {integrity: sha512-HVQE3AAb/pxF8fQAoiqpvg9i3evqug3hoiwakOyZAwJm+6vZehbkYXZ0l4JxS+I3QxM97v5aaRNhj8v5oBhekw==}
    engines: {node: '>=0.10'}

  discord-api-types@0.37.90:
    resolution: {integrity: sha512-lpOJSGrqHuXoM4FV/2HtjoaJpCClGFHpRNIdZEW8zPINlsCHNSfIwA2EQ8dxeE6k1QhhTuM9ZlOGVYXoU7FLgA==}

  dotenv@16.4.5:
    resolution: {integrity: sha512-ZmdL2rui+eB2YwhsWzjInR8LldtZHGDoQ1ugH85ppHKwpUHL7j7rN0Ti9NCnGiQbhaZ11FpR+7ao1dNsmduNUg==}
    engines: {node: '>=12'}

  duplexer@0.1.2:
    resolution: {integrity: sha512-jtD6YG370ZCIi/9GTaJKQxWTZD045+4R4hTk/x1UyoqadyJ9x9CgSi1RlVDQF8U2sxLLSnFkCaMihqljHIWgMg==}

  emoji-regex@10.3.0:
    resolution: {integrity: sha512-QpLs9D9v9kArv4lfDEgg1X/gN5XLnf/A6l9cs8SPZLRZR3ZkY9+kwIQTxm+fsSej5UMYGE8fdoaZVIBlqG0XTw==}

  event-stream@3.3.4:
    resolution: {integrity: sha512-QHpkERcGsR0T7Qm3HNJSyXKEEj8AHNxkY3PK8TS2KJvQ7NiSHe3DDpwVKKtoYprL/AreyzFBeIkBIWChAqn60g==}

  eventemitter3@5.0.1:
    resolution: {integrity: sha512-GWkBvjiSZK87ELrYOSESUYeVIc9mvLLf/nXalMOS5dYrgZq9o5OVkbZAVM06CVxYsCwH9BDZFPlQTlPA1j4ahA==}

  execa@8.0.1:
    resolution: {integrity: sha512-VyhnebXciFV2DESc+p6B+y0LjSm0krU4OgJN44qFAhBY0TJ+1V61tYD2+wHusZ6F9n5K+vl8k0sTy7PEfV4qpg==}
    engines: {node: '>=16.17'}

  fill-range@7.1.1:
    resolution: {integrity: sha512-YsGpe3WHLK8ZYi4tWDg2Jy3ebRz2rXowDxnld4bkQB00cc/1Zw9AWnC0i9ztDJitivtQvaI9KaLyKrc+hBW0yg==}
    engines: {node: '>=8'}

  from@0.1.7:
    resolution: {integrity: sha512-twe20eF1OxVxp/ML/kq2p1uc6KvFK/+vs8WjEbeKmV2He22MKm7YF2ANIt+EOqhJ5L3K/SuuPhk0hWQDjOM23g==}

  fsevents@2.3.3:
    resolution: {integrity: sha512-5xoDfX+fL7faATnagmWPpbFtwh/R77WmMMqqHGS65C3vvB0YHrgF+B1YmZ3441tMj5n63k0212XNoJwzlhffQw==}
    engines: {node: ^8.16.0 || ^10.6.0 || >=11.0.0}
    os: [darwin]

  get-east-asian-width@1.2.0:
    resolution: {integrity: sha512-2nk+7SIVb14QrgXFHcm84tD4bKQz0RxPuMT8Ag5KPOq7J5fEmAg0UbXdTOSHqNuHSU28k55qnceesxXRZGzKWA==}
    engines: {node: '>=18'}

  get-stream@8.0.1:
    resolution: {integrity: sha512-VaUJspBffn/LMCJVoMvSAdmscJyS1auj5Zulnn5UoYcY531UWmdwhRWkcGKnGU93m5HSXP9LP2usOryrBtQowA==}
    engines: {node: '>=16'}

  glob-parent@5.1.2:
    resolution: {integrity: sha512-AOIgSQCepiJYwP3ARnGx+5VnTu2HBYdzbGP45eLw1vr3zB3vZLeyed1sC9hnbcOc9/SrMyM5RPQrkGz4aS9Zow==}
    engines: {node: '>= 6'}

  human-signals@5.0.0:
    resolution: {integrity: sha512-AXcZb6vzzrFAUE61HnN4mpLqd/cSIwNQjtNWR0euPm6y0iqx3G4gOXaIDdtdDwZmhwe82LA6+zinmW4UBWVePQ==}
    engines: {node: '>=16.17.0'}

  humanize-duration@3.32.1:
    resolution: {integrity: sha512-inh5wue5XdfObhu/IGEMiA1nUXigSGcaKNemcbLRKa7jXYGDZXr3LoT9pTIzq2hPEbld7w/qv9h+ikWGz8fL1g==}

  husky@9.0.11:
    resolution: {integrity: sha512-AB6lFlbwwyIqMdHYhwPe+kjOC3Oc5P3nThEoW/AaO2BX3vJDjWPFxYLxokUZOo6RNX20He3AaT8sESs9NJcmEw==}
    engines: {node: '>=18'}
    hasBin: true

  ioredis@5.4.1:
    resolution: {integrity: sha512-2YZsvl7jopIa1gaePkeMtd9rAcSjOOjPtpcLlOeusyO+XH2SK5ZcT+UCrElPP+WVIInh2TzeI4XW9ENaSLVVHA==}
    engines: {node: '>=12.22.0'}

  is-binary-path@2.1.0:
    resolution: {integrity: sha512-ZMERYes6pDydyuGidse7OsHxtbI7WVeUEozgR/g7rd0xUimYNlvZRE/K2MgZTjWy725IfelLeVcEM97mmtRGXw==}
    engines: {node: '>=8'}

  is-extglob@2.1.1:
    resolution: {integrity: sha512-SbKbANkN603Vi4jEZv49LeVJMn4yGwsbzZworEoyEiutsN3nJYdbO36zfhGJ6QEDpOZIFkDtnq5JRxmvl3jsoQ==}
    engines: {node: '>=0.10.0'}

  is-fullwidth-code-point@4.0.0:
    resolution: {integrity: sha512-O4L094N2/dZ7xqVdrXhh9r1KODPJpFms8B5sGdJLPy664AgvXsreZUyCQQNItZRDlYug4xStLjNp/sz3HvBowQ==}
    engines: {node: '>=12'}

  is-fullwidth-code-point@5.0.0:
    resolution: {integrity: sha512-OVa3u9kkBbw7b8Xw5F9P+D/T9X+Z4+JruYVNapTjPYZYUznQ5YfWeFkOj606XYYW8yugTfC8Pj0hYqvi4ryAhA==}
    engines: {node: '>=18'}

  is-glob@4.0.3:
    resolution: {integrity: sha512-xelSayHH36ZgE7ZWhli7pW34hNbNl8Ojv5KVmkJD4hBdD3th8Tfk9vYasLM+mXWOZhFkgZfxhLSnrwRr4elSSg==}
    engines: {node: '>=0.10.0'}

  is-number@7.0.0:
    resolution: {integrity: sha512-41Cifkg6e8TylSpdtTpeLVMqvSBEVzTttHvERD741+pnZ8ANv0004MRL43QKPDlK9cGvNp6NZWZUBlbGXYxxng==}
    engines: {node: '>=0.12.0'}

  is-stream@3.0.0:
    resolution: {integrity: sha512-LnQR4bZ9IADDRSkvpqMGvt/tEJWclzklNgSw48V5EAaAeDd6qGvN8ei6k5p0tvxSR171VmGyHuTiAOfxAbr8kA==}
    engines: {node: ^12.20.0 || ^14.13.1 || >=16.0.0}

  isexe@2.0.0:
    resolution: {integrity: sha512-RHxMLp9lnKHGHRng9QFhRCMbYAcVpn69smSGcq3f36xjgVVWThj4qqLbTLlq7Ssj8B+fIQ1EuCEGI2lKsyQeIw==}

  kazagumo-spotify@2.1.0:
    resolution: {integrity: sha512-UQrQp+2cXYER+Hon1u1ffixXZ8ZXhWlbJOxbKdFnKZyJ3yda1opM9MkViExAwPWeQOM0CBbiQZMeGxyWeeEkbg==}

  kazagumo@3.0.5:
    resolution: {integrity: sha512-f0oHGhIWRXOzmWTLkkEHN4h7V5e08FyD8IG3otLKc+Dp6i1gqGtIrtHa7aBRr5KL/I+rpMlZJ5T3AE45CfH4bA==}
    engines: {node: '>=16.5.0 <=20'}

  lilconfig@3.1.2:
    resolution: {integrity: sha512-eop+wDAvpItUys0FWkHIKeC9ybYrTGbU41U5K7+bttZZeohvnY7M9dZ5kB21GNWiFT2q1OoPTvncPCgSOVO5ow==}
    engines: {node: '>=14'}

  lint-staged@15.2.7:
    resolution: {integrity: sha512-+FdVbbCZ+yoh7E/RosSdqKJyUM2OEjTciH0TFNkawKgvFp1zbGlEC39RADg+xKBG1R4mhoH2j85myBQZ5wR+lw==}
    engines: {node: '>=18.12.0'}
    hasBin: true

  listr2@8.2.1:
    resolution: {integrity: sha512-irTfvpib/rNiD637xeevjO2l3Z5loZmuaRi0L0YE5LfijwVY96oyVn0DFD3o/teAok7nfobMG1THvvcHh/BP6g==}
    engines: {node: '>=18.0.0'}

  lodash.defaults@4.2.0:
    resolution: {integrity: sha512-qjxPLHd3r5DnsdGacqOMU6pb/avJzdh9tFX2ymgoZE27BmjXrNy/y4LoaiTeAb+O3gL8AfpJGtqfX/ae2leYYQ==}

  lodash.isarguments@3.1.0:
    resolution: {integrity: sha512-chi4NHZlZqZD18a0imDHnZPrDeBbTtVN7GXMwuGdRH9qotxAjYs3aVLKc7zNOG9eddR5Ksd8rvFEBc9SsggPpg==}

  log-update@6.0.0:
    resolution: {integrity: sha512-niTvB4gqvtof056rRIrTZvjNYE4rCUzO6X/X+kYjd7WFxXeJ0NwEFnRxX6ehkvv3jTwrXnNdtAak5XYZuIyPFw==}
    engines: {node: '>=18'}

  magic-bytes.js@1.10.0:
    resolution: {integrity: sha512-/k20Lg2q8LE5xiaaSkMXk4sfvI+9EGEykFS4b0CHHGWqDYU0bGUFSwchNOMA56D7TCs9GwVTkqe9als1/ns8UQ==}

  map-stream@0.1.0:
    resolution: {integrity: sha512-CkYQrPYZfWnu/DAmVCpTSX/xHpKZ80eKh2lAkyA6AJTef6bW+6JpbQZN5rofum7da+SyN1bi5ctTm+lTfcCW3g==}

  merge-stream@2.0.0:
    resolution: {integrity: sha512-abv/qOcuPfk3URPfDzmZU1LKmuw8kT+0nIHvKrKgFrwifol/doWcdA4ZqsWQ8ENrFKkd67Mfpo/LovbIUsbt3w==}

  micromatch@4.0.7:
    resolution: {integrity: sha512-LPP/3KorzCwBxfeUuZmaR6bG2kdeHSbe0P2tY3FLRU4vYrjYz5hI4QZwV0njUx3jeuKe67YukQ1LSPZBKDqO/Q==}
    engines: {node: '>=8.6'}

  mimic-fn@2.1.0:
    resolution: {integrity: sha512-OqbOk5oEQeAZ8WXWydlu9HJjz9WVdEIvamMCcXmuqUYjTknH/sqsWvhQ3vgwKFRR1HpjvNBKQ37nbJgYzGqGcg==}
    engines: {node: '>=6'}

  mimic-fn@4.0.0:
    resolution: {integrity: sha512-vqiC06CuhBTUdZH+RYl8sFrL096vA45Ok5ISO6sE/Mr1jRbGH4Csnhi8f3wKVl7x8mO4Au7Ir9D3Oyv1VYMFJw==}
    engines: {node: '>=12'}

  ms@2.1.2:
    resolution: {integrity: sha512-sGkPx+VjMtmA6MX27oA4FBFELFCZZ4S4XqeGOXCv68tT+jb3vk/RyaKWP0PTKyWtmLSM0b+adUTEvbs1PEaH2w==}

  ms@2.1.3:
    resolution: {integrity: sha512-6FlzubTLZG3J2a/NVCAleEhjzq5oxgHyaCU9yYXvcLsvoVaHJq/s5xXI6/XXP6tz7R9xAOtHnSO/tXtF3WRTlA==}

  node-cleanup@2.1.2:
    resolution: {integrity: sha512-qN8v/s2PAJwGUtr1/hYTpNKlD6Y9rc4p8KSmJXyGdYGZsDGKXrGThikLFP9OCHFeLeEpQzPwiAtdIvBLqm//Hw==}

  normalize-path@3.0.0:
    resolution: {integrity: sha512-6eZs5Ls3WtCisHWp9S2GUy8dqkpGi4BVSz3GaqiE6ezub0512ESztXUwUB6C6IKbQkY2Pnb/mD4WYojCRwcwLA==}
    engines: {node: '>=0.10.0'}

  npm-run-path@5.3.0:
    resolution: {integrity: sha512-ppwTtiJZq0O/ai0z7yfudtBpWIoxM8yE6nHi1X47eFR2EWORqfbu6CnPlNsjeN683eT0qG6H/Pyf9fCcvjnnnQ==}
    engines: {node: ^12.20.0 || ^14.13.1 || >=16.0.0}

  onetime@5.1.2:
    resolution: {integrity: sha512-kbpaSSGJTWdAY5KPVeMOKXSrPtr8C8C7wodJbcsd51jRnmD+GZu8Y0VoU6Dm5Z4vWr0Ig/1NKuWRKf7j5aaYSg==}
    engines: {node: '>=6'}

  onetime@6.0.0:
    resolution: {integrity: sha512-1FlR+gjXK7X+AsAHso35MnyN5KqGwJRi/31ft6x0M194ht7S+rWAvd7PHss9xSKMzE0asv1pyIHaJYq+BbacAQ==}
    engines: {node: '>=12'}

  path-key@3.1.1:
    resolution: {integrity: sha512-ojmeN0qd+y0jszEtoY48r0Peq5dwMEkIlCOu6Q5f41lfkswXuKtYrhgoTpLnyIcHm24Uhqx+5Tqm2InSwLhE6Q==}
    engines: {node: '>=8'}

  path-key@4.0.0:
    resolution: {integrity: sha512-haREypq7xkM7ErfgIyA0z+Bj4AGKlMSdlQE2jvJo6huWD1EdkKYV+G/T4nq0YEF2vgTT8kqMFKo1uHn950r4SQ==}
    engines: {node: '>=12'}

  pause-stream@0.0.11:
    resolution: {integrity: sha512-e3FBlXLmN/D1S+zHzanP4E/4Z60oFAa3O051qt1pxa7DEJWKAyil6upYVXCWadEnuoqa4Pkc9oUx9zsxYeRv8A==}

  picomatch@2.3.1:
    resolution: {integrity: sha512-JU3teHTNjmE2VCGFzuY8EXzCDVwEqB2a8fsIvwaStHhAWJEeVd1o1QD80CU6+ZdEXXSLbSsuLwJjkCBWqRQUVA==}
    engines: {node: '>=8.6'}

  pidtree@0.6.0:
    resolution: {integrity: sha512-eG2dWTVw5bzqGRztnHExczNxt5VGsE6OwTeCG3fdUf9KBsZzO3R5OIIIzWR+iZA0NtZ+RDVdaoE2dK1cn6jH4g==}
    engines: {node: '>=0.10'}
    hasBin: true

  prisma@5.15.1:
    resolution: {integrity: sha512-pYsUVpTlYvZ6mWvZKDv9rKdUa7tlfSUJY1CVtgb8Had1pHbIm9fr1MBASccr5XnSuCUrjnvKhWNwgSYy6aCajA==}
    engines: {node: '>=16.13'}
    hasBin: true

  ps-tree@1.2.0:
    resolution: {integrity: sha512-0VnamPPYHl4uaU/nSFeZZpR21QAWRz+sRv4iW9+v/GS/J5U5iZB5BNN6J0RMoOvdx2gWM2+ZFMIm58q24e4UYA==}
    engines: {node: '>= 0.10'}
    hasBin: true

  readdirp@3.6.0:
    resolution: {integrity: sha512-hOS089on8RduqdbhvQ5Z37A0ESjsqz6qnRcffsMU3495FuTdqSm+7bhJ29JvIOsBDEEnan5DPu9t3To9VRlMzA==}
    engines: {node: '>=8.10.0'}

  redis-errors@1.2.0:
    resolution: {integrity: sha512-1qny3OExCf0UvUV/5wpYKf2YwPcOqXzkwKKSmKHiE6ZMQs5heeE/c8eXK+PNllPvmjgAbfnsbpkGZWy8cBpn9w==}
    engines: {node: '>=4'}

  redis-parser@3.0.0:
    resolution: {integrity: sha512-DJnGAeenTdpMEH6uAJRK/uiyEIH9WVsUmoLwzudwGJUwZPp80PDBWPHXSAGNPwNvIXAbe7MSUB1zQFugFml66A==}
    engines: {node: '>=4'}

  restore-cursor@4.0.0:
    resolution: {integrity: sha512-I9fPXU9geO9bHOt9pHHOhOkYerIMsmVaWB0rA2AI9ERh/+x/i7MV5HKBNrg+ljO5eoPVgCcnFuRjJ9uH6I/3eg==}
    engines: {node: ^12.20.0 || ^14.13.1 || >=16.0.0}

  rfdc@1.4.1:
    resolution: {integrity: sha512-q1b3N5QkRUWUl7iyylaaj3kOpIT0N2i9MqIEQXP73GVsN9cw3fdx8X63cEmWhJGi2PPCF23Ijp7ktmd39rawIA==}

  seyfert@https://codeload.github.com/tiramisulabs/seyfert/tar.gz/017ccfc3bf8a12c7fb3503fb7d1ee65bce1444dc:
    resolution: {tarball: https://codeload.github.com/tiramisulabs/seyfert/tar.gz/017ccfc3bf8a12c7fb3503fb7d1ee65bce1444dc}
    version: 1.5.0

  shebang-command@2.0.0:
    resolution: {integrity: sha512-kHxr2zZpYtdmrN1qDjrrX/Z1rR1kG8Dx+gkpK1G4eXmvXswmcE1hTWBWYUzlraYw1/yZp6YuDY77YtvbN0dmDA==}
    engines: {node: '>=8'}

  shebang-regex@3.0.0:
    resolution: {integrity: sha512-7++dFhtcx3353uBaq8DDR4NuxBetBzC7ZQOhmTQInHEd6bSrXdiEyzCvG07Z44UYdLShWUyXt5M/yhz8ekcb1A==}
    engines: {node: '>=8'}

  shoukaku@4.0.1:
    resolution: {integrity: sha512-+Y94AnUFabCkE8O2Y3MSfnVmiiQ1MMVK/DO962Q23KPTWJkuqs+S/CPRQSOPWqo+ISq7teVxGJsSapwnJOrFgQ==}
    engines: {node: '>=18.0.0', npm: '>=7.0.0'}

  shoukaku@https://codeload.github.com/shipgirlproject/Shoukaku/tar.gz/8d77908cfc903456613942f607cff207dda57b6f:
    resolution: {tarball: https://codeload.github.com/shipgirlproject/Shoukaku/tar.gz/8d77908cfc903456613942f607cff207dda57b6f}
    version: 4.0.1
    engines: {node: '>=18.0.0', npm: '>=7.0.0'}

  signal-exit@3.0.7:
    resolution: {integrity: sha512-wnD2ZE+l+SPC/uoS0vXeE9L1+0wuaMqKlfz9AMUo38JsyLSBWSFcHR1Rri62LZc12vLr1gb3jl7iwQhgwpAbGQ==}

  signal-exit@4.1.0:
    resolution: {integrity: sha512-bzyZ1e88w9O1iNJbKnOlvYTrWPDl46O1bG0D3XInv+9tkPrxrN8jUUTiFlDkkmKWgn1M6CfIA13SuGqOa9Korw==}
    engines: {node: '>=14'}

  slice-ansi@5.0.0:
    resolution: {integrity: sha512-FC+lgizVPfie0kkhqUScwRu1O/lF6NOgJmlCgK+/LYxDCTk8sGelYaHDhFcDN+Sn3Cv+3VSa4Byeo+IMCzpMgQ==}
    engines: {node: '>=12'}

  slice-ansi@7.1.0:
    resolution: {integrity: sha512-bSiSngZ/jWeX93BqeIAbImyTbEihizcwNjFoRUIY/T1wWQsfsm2Vw1agPKylXvQTU7iASGdHhyqRlqQzfz+Htg==}
    engines: {node: '>=18'}

  split@0.3.3:
    resolution: {integrity: sha512-wD2AeVmxXRBoX44wAycgjVpMhvbwdI2aZjCkvfNcH1YqHQvJVa1duWc73OyVGJUc05fhFaTZeQ/PYsrmyH0JVA==}

  standard-as-callback@2.1.0:
    resolution: {integrity: sha512-qoRRSyROncaz1z0mvYqIE4lCd9p2R90i6GxW3uZv5ucSu8tU7B5HXUP1gG8pVZsYNVaXjk8ClXHPttLyxAL48A==}

  stream-combiner@0.0.4:
    resolution: {integrity: sha512-rT00SPnTVyRsaSz5zgSPma/aHSOic5U1prhYdRy5HS2kTZviFpmDgzilbtsJsxiroqACmayynDN/9VzIbX5DOw==}

  string-argv@0.3.2:
    resolution: {integrity: sha512-aqD2Q0144Z+/RqG52NeHEkZauTAUWJO8c6yTftGJKO3Tja5tUgIfmIl6kExvhtxSDP7fXB6DvzkfMpCd/F3G+Q==}
    engines: {node: '>=0.6.19'}

  string-width@7.1.0:
    resolution: {integrity: sha512-SEIJCWiX7Kg4c129n48aDRwLbFb2LJmXXFrWBG4NGaRtMQ3myKPKbwrD1BKqQn74oCoNMBVrfDEr5M9YxCsrkw==}
    engines: {node: '>=18'}

  strip-ansi@7.1.0:
    resolution: {integrity: sha512-iq6eVVI64nQQTRYq2KtEg2d2uU7LElhTJwsH4YzIHZshxlgZms/wIc4VoDQTlG/IvVIrBKG06CrZnp0qv7hkcQ==}
    engines: {node: '>=12'}

  strip-final-newline@3.0.0:
    resolution: {integrity: sha512-dOESqjYr96iWYylGObzd39EuNTa5VJxyvVAEm5Jnh7KGo75V43Hk1odPQkNDyXNmUR6k+gEiDVXnjB8HJ3crXw==}
    engines: {node: '>=12'}

  through@2.3.8:
    resolution: {integrity: sha512-w89qg7PI8wAdvX60bMDP+bFoD5Dvhm9oLheFp5O4a2QF0cSBGsBX4qZmadPMvVqlLJBBci+WqGGOAPvcDeNSVg==}

  to-regex-range@5.0.1:
    resolution: {integrity: sha512-65P7iz6X5yEr1cwcgvQxbbIw7Uk3gOy5dIdtZ4rDveLqhrdJP+Li/Hx6tyK0NEb+2GCyneCMJiGqrADCSNk8sQ==}
    engines: {node: '>=8.0'}

  ts-mixer@6.0.4:
    resolution: {integrity: sha512-ufKpbmrugz5Aou4wcr5Wc1UUFWOLhq+Fm6qa6P0w0K5Qw2yhaUoiWszhCVuNQyNwrlGiscHOmqYoAox1PtvgjA==}

  tsc-watch@6.2.0:
    resolution: {integrity: sha512-2LBhf9kjKXnz7KQ/puLHlozMzzUNHAdYBNMkg3eksQJ9GBAgMg8czznM83T5PmsoUvDnXzfIeQn2lNcIYDr8LA==}
    engines: {node: '>=12.12.0'}
    hasBin: true
    peerDependencies:
      typescript: '*'

  tweetnacl@1.0.3:
    resolution: {integrity: sha512-6rt+RN7aOi1nGMyC4Xa5DdYiukl2UWCbcJft7YhxReBGQD7OAM8Pbxw6YMo4r2diNEA8FEmu32YOn9rhaiE5yw==}

  typescript@5.4.5:
    resolution: {integrity: sha512-vcI4UpRgg81oIRUFwR0WSIHKt11nJ7SAVlYNIu+QpqeyXP+gpQJy/Z4+F0aGxSE4MqwjyXvW/TzgkLAx2AGHwQ==}
    engines: {node: '>=14.17'}
    hasBin: true

  uWebSockets.js@https://codeload.github.com/uNetworking/uWebSockets.js/tar.gz/f40213ec0a97d0d8721d9d32d92d6eb6ddcd22e7:
    resolution: {tarball: https://codeload.github.com/uNetworking/uWebSockets.js/tar.gz/f40213ec0a97d0d8721d9d32d92d6eb6ddcd22e7}
    version: 20.42.0

  undici-types@5.26.5:
    resolution: {integrity: sha512-JlCMO+ehdEIKqlFxk6IfVoAUVmgz7cU7zD/h9XZ0qzeosSHmUJVOzSQvvYSYWXkFXC+IfLKSIffhv0sVZup6pA==}

  undici@6.6.1:
    resolution: {integrity: sha512-J0GaEp0ztu/grIE2Uq57AbK6TRb+bWbOlxu0POCzhFKA6LKbwSAev+hDQaQcgUUA9CPs8Ky+cauzTHnQrtAQEA==}
    engines: {node: '>=18.0'}

  which@2.0.2:
    resolution: {integrity: sha512-BLI3Tl1TW3Pvl70l3yq3Y64i+awpwXqsGBYWkkqMtnbXgrMD+yj7rhW0kuEDxzJaYXGjEW5ogapKNMEKNMjibA==}
    engines: {node: '>= 8'}
    hasBin: true

  wrap-ansi@9.0.0:
    resolution: {integrity: sha512-G8ura3S+3Z2G+mkgNRq8dqaFZAuxfsxpBB8OCTGRTCtp+l/v9nbFNmCUP1BZMts3G1142MsZfn6eeUKrr4PD1Q==}
    engines: {node: '>=18'}

  ws@8.17.1:
    resolution: {integrity: sha512-6XQFvXTkbfUOZOKKILFG1PDK2NDQs4azKQl26T0YS5CxqWLgXajbPZ+h4gZekJyRqFU8pvnbAbbs/3TgRPy+GQ==}
    engines: {node: '>=10.0.0'}
    peerDependencies:
      bufferutil: ^4.0.1
      utf-8-validate: '>=5.0.2'
    peerDependenciesMeta:
      bufferutil:
        optional: true
      utf-8-validate:
        optional: true

  yaml@2.4.5:
    resolution: {integrity: sha512-aBx2bnqDzVOyNKfsysjA2ms5ZlnjSAW2eG3/L5G/CSujfjLJTJsEw1bGw8kCf04KodQWk1pxlGnZ56CRxiawmg==}
    engines: {node: '>= 14'}
    hasBin: true

snapshots:

  '@biomejs/biome@1.8.1':
    optionalDependencies:
      '@biomejs/cli-darwin-arm64': 1.8.1
      '@biomejs/cli-darwin-x64': 1.8.1
      '@biomejs/cli-linux-arm64': 1.8.1
      '@biomejs/cli-linux-arm64-musl': 1.8.1
      '@biomejs/cli-linux-x64': 1.8.1
      '@biomejs/cli-linux-x64-musl': 1.8.1
      '@biomejs/cli-win32-arm64': 1.8.1
      '@biomejs/cli-win32-x64': 1.8.1

  '@biomejs/cli-darwin-arm64@1.8.1':
    optional: true

  '@biomejs/cli-darwin-x64@1.8.1':
    optional: true

  '@biomejs/cli-linux-arm64-musl@1.8.1':
    optional: true

  '@biomejs/cli-linux-arm64@1.8.1':
    optional: true

  '@biomejs/cli-linux-x64-musl@1.8.1':
    optional: true

  '@biomejs/cli-linux-x64@1.8.1':
    optional: true

  '@biomejs/cli-win32-arm64@1.8.1':
    optional: true

  '@biomejs/cli-win32-x64@1.8.1':
    optional: true

  '@fastify/busboy@2.1.1': {}

  '@ioredis/commands@1.2.0':
    optional: true

  '@prisma/client@5.15.1(prisma@5.15.1)':
    optionalDependencies:
      prisma: 5.15.1

  '@prisma/debug@5.15.1': {}

  '@prisma/engines-version@5.15.1-1.5675a3182f972f1a8f31d16eee6abf4fd54910e3': {}

  '@prisma/engines@5.15.1':
    dependencies:
      '@prisma/debug': 5.15.1
      '@prisma/engines-version': 5.15.1-1.5675a3182f972f1a8f31d16eee6abf4fd54910e3
      '@prisma/fetch-engine': 5.15.1
      '@prisma/get-platform': 5.15.1

  '@prisma/fetch-engine@5.15.1':
    dependencies:
      '@prisma/debug': 5.15.1
      '@prisma/engines-version': 5.15.1-1.5675a3182f972f1a8f31d16eee6abf4fd54910e3
      '@prisma/get-platform': 5.15.1

  '@prisma/get-platform@5.15.1':
    dependencies:
      '@prisma/debug': 5.15.1

  '@types/humanize-duration@3.27.4': {}

  '@types/ms@0.7.34': {}

  '@types/node@20.14.5':
    dependencies:
      undici-types: 5.26.5

  ansi-escapes@6.2.1: {}

  ansi-regex@6.0.1: {}

  ansi-styles@6.2.1: {}

  anymatch@3.1.3:
    dependencies:
      normalize-path: 3.0.0
      picomatch: 2.3.1

  binary-extensions@2.3.0: {}

  braces@3.0.3:
    dependencies:
      fill-range: 7.1.1

  chalk@5.3.0: {}

  chokidar@3.6.0:
    dependencies:
      anymatch: 3.1.3
      braces: 3.0.3
      glob-parent: 5.1.2
      is-binary-path: 2.1.0
      is-glob: 4.0.3
      normalize-path: 3.0.0
      readdirp: 3.6.0
    optionalDependencies:
      fsevents: 2.3.3

  cli-cursor@4.0.0:
    dependencies:
      restore-cursor: 4.0.0

  cli-truncate@4.0.0:
    dependencies:
      slice-ansi: 5.0.0
      string-width: 7.1.0

  cluster-key-slot@1.1.2:
    optional: true

  colorette@2.0.20: {}

  commander@12.1.0: {}

  cross-spawn@7.0.3:
    dependencies:
      path-key: 3.1.1
      shebang-command: 2.0.0
      which: 2.0.2

  debug@4.3.5:
    dependencies:
      ms: 2.1.2

  denque@2.1.0:
    optional: true

  discord-api-types@0.37.90: {}

  dotenv@16.4.5: {}

  duplexer@0.1.2: {}

  emoji-regex@10.3.0: {}

  event-stream@3.3.4:
    dependencies:
      duplexer: 0.1.2
      from: 0.1.7
      map-stream: 0.1.0
      pause-stream: 0.0.11
      split: 0.3.3
      stream-combiner: 0.0.4
      through: 2.3.8

  eventemitter3@5.0.1: {}

  execa@8.0.1:
    dependencies:
      cross-spawn: 7.0.3
      get-stream: 8.0.1
      human-signals: 5.0.0
      is-stream: 3.0.0
      merge-stream: 2.0.0
      npm-run-path: 5.3.0
      onetime: 6.0.0
      signal-exit: 4.1.0
      strip-final-newline: 3.0.0

  fill-range@7.1.1:
    dependencies:
      to-regex-range: 5.0.1

  from@0.1.7: {}

  fsevents@2.3.3:
    optional: true

  get-east-asian-width@1.2.0: {}

  get-stream@8.0.1: {}

  glob-parent@5.1.2:
    dependencies:
      is-glob: 4.0.3

  human-signals@5.0.0: {}

  humanize-duration@3.32.1: {}

  husky@9.0.11: {}

  ioredis@5.4.1:
    dependencies:
      '@ioredis/commands': 1.2.0
      cluster-key-slot: 1.1.2
      debug: 4.3.5
      denque: 2.1.0
      lodash.defaults: 4.2.0
      lodash.isarguments: 3.1.0
      redis-errors: 1.2.0
      redis-parser: 3.0.0
      standard-as-callback: 2.1.0
    transitivePeerDependencies:
      - supports-color
    optional: true

  is-binary-path@2.1.0:
    dependencies:
      binary-extensions: 2.3.0

  is-extglob@2.1.1: {}

  is-fullwidth-code-point@4.0.0: {}

  is-fullwidth-code-point@5.0.0:
    dependencies:
      get-east-asian-width: 1.2.0

  is-glob@4.0.3:
    dependencies:
      is-extglob: 2.1.1

  is-number@7.0.0: {}

  is-stream@3.0.0: {}

  isexe@2.0.0: {}

  kazagumo-spotify@2.1.0:
    dependencies:
      undici: 6.6.1

  kazagumo@3.0.5:
    dependencies:
      shoukaku: 4.0.1
    transitivePeerDependencies:
      - bufferutil
      - utf-8-validate

  lilconfig@3.1.2: {}

  lint-staged@15.2.7:
    dependencies:
      chalk: 5.3.0
      commander: 12.1.0
      debug: 4.3.5
      execa: 8.0.1
      lilconfig: 3.1.2
      listr2: 8.2.1
      micromatch: 4.0.7
      pidtree: 0.6.0
      string-argv: 0.3.2
      yaml: 2.4.5
    transitivePeerDependencies:
      - supports-color

  listr2@8.2.1:
    dependencies:
      cli-truncate: 4.0.0
      colorette: 2.0.20
      eventemitter3: 5.0.1
      log-update: 6.0.0
      rfdc: 1.4.1
      wrap-ansi: 9.0.0

  lodash.defaults@4.2.0:
    optional: true

  lodash.isarguments@3.1.0:
    optional: true

  log-update@6.0.0:
    dependencies:
      ansi-escapes: 6.2.1
      cli-cursor: 4.0.0
      slice-ansi: 7.1.0
      strip-ansi: 7.1.0
      wrap-ansi: 9.0.0

  magic-bytes.js@1.10.0: {}

  map-stream@0.1.0: {}

  merge-stream@2.0.0: {}

  micromatch@4.0.7:
    dependencies:
      braces: 3.0.3
      picomatch: 2.3.1

  mimic-fn@2.1.0: {}

  mimic-fn@4.0.0: {}

  ms@2.1.2: {}

  ms@2.1.3: {}

  node-cleanup@2.1.2: {}

  normalize-path@3.0.0: {}

  npm-run-path@5.3.0:
    dependencies:
      path-key: 4.0.0

  onetime@5.1.2:
    dependencies:
      mimic-fn: 2.1.0

  onetime@6.0.0:
    dependencies:
      mimic-fn: 4.0.0

  path-key@3.1.1: {}

  path-key@4.0.0: {}

  pause-stream@0.0.11:
    dependencies:
      through: 2.3.8

  picomatch@2.3.1: {}

  pidtree@0.6.0: {}

  prisma@5.15.1:
    dependencies:
      '@prisma/engines': 5.15.1

  ps-tree@1.2.0:
    dependencies:
      event-stream: 3.3.4

  readdirp@3.6.0:
    dependencies:
      picomatch: 2.3.1

  redis-errors@1.2.0:
    optional: true

  redis-parser@3.0.0:
    dependencies:
      redis-errors: 1.2.0
    optional: true

  restore-cursor@4.0.0:
    dependencies:
      onetime: 5.1.2
      signal-exit: 3.0.7

  rfdc@1.4.1: {}

  seyfert@https://codeload.github.com/tiramisulabs/seyfert/tar.gz/017ccfc3bf8a12c7fb3503fb7d1ee65bce1444dc:
    dependencies:
      chokidar: 3.6.0
      discord-api-types: 0.37.90
      magic-bytes.js: 1.10.0
      ts-mixer: 6.0.4
      ws: 8.17.1
    optionalDependencies:
      ioredis: 5.4.1
      tweetnacl: 1.0.3
      uWebSockets.js: https://codeload.github.com/uNetworking/uWebSockets.js/tar.gz/f40213ec0a97d0d8721d9d32d92d6eb6ddcd22e7
    transitivePeerDependencies:
      - bufferutil
      - supports-color
      - utf-8-validate

  shebang-command@2.0.0:
    dependencies:
      shebang-regex: 3.0.0

  shebang-regex@3.0.0: {}

  shoukaku@4.0.1:
    dependencies:
      ws: 8.17.1
    transitivePeerDependencies:
      - bufferutil
      - utf-8-validate

  shoukaku@https://codeload.github.com/shipgirlproject/Shoukaku/tar.gz/8d77908cfc903456613942f607cff207dda57b6f:
    dependencies:
      ws: 8.17.1
    transitivePeerDependencies:
      - bufferutil
      - utf-8-validate

  signal-exit@3.0.7: {}

  signal-exit@4.1.0: {}

  slice-ansi@5.0.0:
    dependencies:
      ansi-styles: 6.2.1
      is-fullwidth-code-point: 4.0.0

  slice-ansi@7.1.0:
    dependencies:
      ansi-styles: 6.2.1
      is-fullwidth-code-point: 5.0.0

  split@0.3.3:
    dependencies:
      through: 2.3.8

  standard-as-callback@2.1.0:
    optional: true

  stream-combiner@0.0.4:
    dependencies:
      duplexer: 0.1.2

  string-argv@0.3.2: {}

  string-width@7.1.0:
    dependencies:
      emoji-regex: 10.3.0
      get-east-asian-width: 1.2.0
      strip-ansi: 7.1.0

  strip-ansi@7.1.0:
    dependencies:
      ansi-regex: 6.0.1

  strip-final-newline@3.0.0: {}

  through@2.3.8: {}

  to-regex-range@5.0.1:
    dependencies:
      is-number: 7.0.0

  ts-mixer@6.0.4: {}

  tsc-watch@6.2.0(typescript@5.4.5):
    dependencies:
      cross-spawn: 7.0.3
      node-cleanup: 2.1.2
      ps-tree: 1.2.0
      string-argv: 0.3.2
      typescript: 5.4.5

  tweetnacl@1.0.3:
    optional: true

  typescript@5.4.5: {}

  uWebSockets.js@https://codeload.github.com/uNetworking/uWebSockets.js/tar.gz/f40213ec0a97d0d8721d9d32d92d6eb6ddcd22e7:
    optional: true

  undici-types@5.26.5: {}

  undici@6.6.1:
    dependencies:
      '@fastify/busboy': 2.1.1

  which@2.0.2:
    dependencies:
      isexe: 2.0.0

  wrap-ansi@9.0.0:
    dependencies:
      ansi-styles: 6.2.1
      string-width: 7.1.0
      strip-ansi: 7.1.0

  ws@8.17.1: {}

  yaml@2.4.5: {}
