lockfileVersion: '9.0'

settings:
  autoInstallPeers: true
  excludeLinksFromLockfile: false

importers:

  .:
    dependencies:
      '@prisma/client':
        specifier: ^6.6.0
        version: 6.6.0(prisma@6.6.0(typescript@5.8.3))(typescript@5.8.3)
      dotenv:
        specifier: ^16.4.7
        version: 16.4.7
      ioredis:
        specifier: ^5.6.0
        version: 5.6.0
      lavalink-client:
        specifier: ^2.5.0
        version: 2.5.0
      meowdb:
        specifier: ^2.2.3
        version: 2.2.3
      seyfert:
        specifier: github:tiramisulabs/seyfert
        version: https://codeload.github.com/tiramisulabs/seyfert/tar.gz/b00076df23e35d1ed7af731fe877d660a5c55685
      yunaforseyfert:
        specifier: ^1.1.0
        version: 1.1.0
    devDependencies:
      '@biomejs/biome':
        specifier: ^1.9.4
        version: 1.9.4
      '@types/node':
        specifier: ^22.14.0
        version: 22.14.0
      husky:
        specifier: ^9.1.7
        version: 9.1.7
      lint-staged:
        specifier: ^15.5.0
        version: 15.5.0
      prisma:
        specifier: ^6.6.0
        version: 6.6.0(typescript@5.8.3)
      tsx:
        specifier: ^4.19.3
        version: 4.19.3
      typescript:
        specifier: ^5.8.3
        version: 5.8.3

packages:

  '@biomejs/biome@1.9.4':
    resolution: {integrity: sha512-1rkd7G70+o9KkTn5KLmDYXihGoTaIGO9PIIN2ZB7UJxFrWw04CZHPYiMRjYsaDvVV7hP1dYNRLxSANLaBFGpog==}
    engines: {node: '>=14.21.3'}
    hasBin: true

  '@biomejs/cli-darwin-arm64@1.9.4':
    resolution: {integrity: sha512-bFBsPWrNvkdKrNCYeAp+xo2HecOGPAy9WyNyB/jKnnedgzl4W4Hb9ZMzYNbf8dMCGmUdSavlYHiR01QaYR58cw==}
    engines: {node: '>=14.21.3'}
    cpu: [arm64]
    os: [darwin]

  '@biomejs/cli-darwin-x64@1.9.4':
    resolution: {integrity: sha512-ngYBh/+bEedqkSevPVhLP4QfVPCpb+4BBe2p7Xs32dBgs7rh9nY2AIYUL6BgLw1JVXV8GlpKmb/hNiuIxfPfZg==}
    engines: {node: '>=14.21.3'}
    cpu: [x64]
    os: [darwin]

  '@biomejs/cli-linux-arm64-musl@1.9.4':
    resolution: {integrity: sha512-v665Ct9WCRjGa8+kTr0CzApU0+XXtRgwmzIf1SeKSGAv+2scAlW6JR5PMFo6FzqqZ64Po79cKODKf3/AAmECqA==}
    engines: {node: '>=14.21.3'}
    cpu: [arm64]
    os: [linux]

  '@biomejs/cli-linux-arm64@1.9.4':
    resolution: {integrity: sha512-fJIW0+LYujdjUgJJuwesP4EjIBl/N/TcOX3IvIHJQNsAqvV2CHIogsmA94BPG6jZATS4Hi+xv4SkBBQSt1N4/g==}
    engines: {node: '>=14.21.3'}
    cpu: [arm64]
    os: [linux]

  '@biomejs/cli-linux-x64-musl@1.9.4':
    resolution: {integrity: sha512-gEhi/jSBhZ2m6wjV530Yy8+fNqG8PAinM3oV7CyO+6c3CEh16Eizm21uHVsyVBEB6RIM8JHIl6AGYCv6Q6Q9Tg==}
    engines: {node: '>=14.21.3'}
    cpu: [x64]
    os: [linux]

  '@biomejs/cli-linux-x64@1.9.4':
    resolution: {integrity: sha512-lRCJv/Vi3Vlwmbd6K+oQ0KhLHMAysN8lXoCI7XeHlxaajk06u7G+UsFSO01NAs5iYuWKmVZjmiOzJ0OJmGsMwg==}
    engines: {node: '>=14.21.3'}
    cpu: [x64]
    os: [linux]

  '@biomejs/cli-win32-arm64@1.9.4':
    resolution: {integrity: sha512-tlbhLk+WXZmgwoIKwHIHEBZUwxml7bRJgk0X2sPyNR3S93cdRq6XulAZRQJ17FYGGzWne0fgrXBKpl7l4M87Hg==}
    engines: {node: '>=14.21.3'}
    cpu: [arm64]
    os: [win32]

  '@biomejs/cli-win32-x64@1.9.4':
    resolution: {integrity: sha512-8Y5wMhVIPaWe6jw2H+KlEm4wP/f7EW3810ZLmDlrEEy5KvBsb9ECEfu/kMWD484ijfQ8+nIi0giMgu9g1UAuuA==}
    engines: {node: '>=14.21.3'}
    cpu: [x64]
    os: [win32]

  '@esbuild/aix-ppc64@0.25.2':
    resolution: {integrity: sha512-wCIboOL2yXZym2cgm6mlA742s9QeJ8DjGVaL39dLN4rRwrOgOyYSnOaFPhKZGLb2ngj4EyfAFjsNJwPXZvseag==}
    engines: {node: '>=18'}
    cpu: [ppc64]
    os: [aix]

  '@esbuild/android-arm64@0.25.2':
    resolution: {integrity: sha512-5ZAX5xOmTligeBaeNEPnPaeEuah53Id2tX4c2CVP3JaROTH+j4fnfHCkr1PjXMd78hMst+TlkfKcW/DlTq0i4w==}
    engines: {node: '>=18'}
    cpu: [arm64]
    os: [android]

  '@esbuild/android-arm@0.25.2':
    resolution: {integrity: sha512-NQhH7jFstVY5x8CKbcfa166GoV0EFkaPkCKBQkdPJFvo5u+nGXLEH/ooniLb3QI8Fk58YAx7nsPLozUWfCBOJA==}
    engines: {node: '>=18'}
    cpu: [arm]
    os: [android]

  '@esbuild/android-x64@0.25.2':
    resolution: {integrity: sha512-Ffcx+nnma8Sge4jzddPHCZVRvIfQ0kMsUsCMcJRHkGJ1cDmhe4SsrYIjLUKn1xpHZybmOqCWwB0zQvsjdEHtkg==}
    engines: {node: '>=18'}
    cpu: [x64]
    os: [android]

  '@esbuild/darwin-arm64@0.25.2':
    resolution: {integrity: sha512-MpM6LUVTXAzOvN4KbjzU/q5smzryuoNjlriAIx+06RpecwCkL9JpenNzpKd2YMzLJFOdPqBpuub6eVRP5IgiSA==}
    engines: {node: '>=18'}
    cpu: [arm64]
    os: [darwin]

  '@esbuild/darwin-x64@0.25.2':
    resolution: {integrity: sha512-5eRPrTX7wFyuWe8FqEFPG2cU0+butQQVNcT4sVipqjLYQjjh8a8+vUTfgBKM88ObB85ahsnTwF7PSIt6PG+QkA==}
    engines: {node: '>=18'}
    cpu: [x64]
    os: [darwin]

  '@esbuild/freebsd-arm64@0.25.2':
    resolution: {integrity: sha512-mLwm4vXKiQ2UTSX4+ImyiPdiHjiZhIaE9QvC7sw0tZ6HoNMjYAqQpGyui5VRIi5sGd+uWq940gdCbY3VLvsO1w==}
    engines: {node: '>=18'}
    cpu: [arm64]
    os: [freebsd]

  '@esbuild/freebsd-x64@0.25.2':
    resolution: {integrity: sha512-6qyyn6TjayJSwGpm8J9QYYGQcRgc90nmfdUb0O7pp1s4lTY+9D0H9O02v5JqGApUyiHOtkz6+1hZNvNtEhbwRQ==}
    engines: {node: '>=18'}
    cpu: [x64]
    os: [freebsd]

  '@esbuild/linux-arm64@0.25.2':
    resolution: {integrity: sha512-gq/sjLsOyMT19I8obBISvhoYiZIAaGF8JpeXu1u8yPv8BE5HlWYobmlsfijFIZ9hIVGYkbdFhEqC0NvM4kNO0g==}
    engines: {node: '>=18'}
    cpu: [arm64]
    os: [linux]

  '@esbuild/linux-arm@0.25.2':
    resolution: {integrity: sha512-UHBRgJcmjJv5oeQF8EpTRZs/1knq6loLxTsjc3nxO9eXAPDLcWW55flrMVc97qFPbmZP31ta1AZVUKQzKTzb0g==}
    engines: {node: '>=18'}
    cpu: [arm]
    os: [linux]

  '@esbuild/linux-ia32@0.25.2':
    resolution: {integrity: sha512-bBYCv9obgW2cBP+2ZWfjYTU+f5cxRoGGQ5SeDbYdFCAZpYWrfjjfYwvUpP8MlKbP0nwZ5gyOU/0aUzZ5HWPuvQ==}
    engines: {node: '>=18'}
    cpu: [ia32]
    os: [linux]

  '@esbuild/linux-loong64@0.25.2':
    resolution: {integrity: sha512-SHNGiKtvnU2dBlM5D8CXRFdd+6etgZ9dXfaPCeJtz+37PIUlixvlIhI23L5khKXs3DIzAn9V8v+qb1TRKrgT5w==}
    engines: {node: '>=18'}
    cpu: [loong64]
    os: [linux]

  '@esbuild/linux-mips64el@0.25.2':
    resolution: {integrity: sha512-hDDRlzE6rPeoj+5fsADqdUZl1OzqDYow4TB4Y/3PlKBD0ph1e6uPHzIQcv2Z65u2K0kpeByIyAjCmjn1hJgG0Q==}
    engines: {node: '>=18'}
    cpu: [mips64el]
    os: [linux]

  '@esbuild/linux-ppc64@0.25.2':
    resolution: {integrity: sha512-tsHu2RRSWzipmUi9UBDEzc0nLc4HtpZEI5Ba+Omms5456x5WaNuiG3u7xh5AO6sipnJ9r4cRWQB2tUjPyIkc6g==}
    engines: {node: '>=18'}
    cpu: [ppc64]
    os: [linux]

  '@esbuild/linux-riscv64@0.25.2':
    resolution: {integrity: sha512-k4LtpgV7NJQOml/10uPU0s4SAXGnowi5qBSjaLWMojNCUICNu7TshqHLAEbkBdAszL5TabfvQ48kK84hyFzjnw==}
    engines: {node: '>=18'}
    cpu: [riscv64]
    os: [linux]

  '@esbuild/linux-s390x@0.25.2':
    resolution: {integrity: sha512-GRa4IshOdvKY7M/rDpRR3gkiTNp34M0eLTaC1a08gNrh4u488aPhuZOCpkF6+2wl3zAN7L7XIpOFBhnaE3/Q8Q==}
    engines: {node: '>=18'}
    cpu: [s390x]
    os: [linux]

  '@esbuild/linux-x64@0.25.2':
    resolution: {integrity: sha512-QInHERlqpTTZ4FRB0fROQWXcYRD64lAoiegezDunLpalZMjcUcld3YzZmVJ2H/Cp0wJRZ8Xtjtj0cEHhYc/uUg==}
    engines: {node: '>=18'}
    cpu: [x64]
    os: [linux]

  '@esbuild/netbsd-arm64@0.25.2':
    resolution: {integrity: sha512-talAIBoY5M8vHc6EeI2WW9d/CkiO9MQJ0IOWX8hrLhxGbro/vBXJvaQXefW2cP0z0nQVTdQ/eNyGFV1GSKrxfw==}
    engines: {node: '>=18'}
    cpu: [arm64]
    os: [netbsd]

  '@esbuild/netbsd-x64@0.25.2':
    resolution: {integrity: sha512-voZT9Z+tpOxrvfKFyfDYPc4DO4rk06qamv1a/fkuzHpiVBMOhpjK+vBmWM8J1eiB3OLSMFYNaOaBNLXGChf5tg==}
    engines: {node: '>=18'}
    cpu: [x64]
    os: [netbsd]

  '@esbuild/openbsd-arm64@0.25.2':
    resolution: {integrity: sha512-dcXYOC6NXOqcykeDlwId9kB6OkPUxOEqU+rkrYVqJbK2hagWOMrsTGsMr8+rW02M+d5Op5NNlgMmjzecaRf7Tg==}
    engines: {node: '>=18'}
    cpu: [arm64]
    os: [openbsd]

  '@esbuild/openbsd-x64@0.25.2':
    resolution: {integrity: sha512-t/TkWwahkH0Tsgoq1Ju7QfgGhArkGLkF1uYz8nQS/PPFlXbP5YgRpqQR3ARRiC2iXoLTWFxc6DJMSK10dVXluw==}
    engines: {node: '>=18'}
    cpu: [x64]
    os: [openbsd]

  '@esbuild/sunos-x64@0.25.2':
    resolution: {integrity: sha512-cfZH1co2+imVdWCjd+D1gf9NjkchVhhdpgb1q5y6Hcv9TP6Zi9ZG/beI3ig8TvwT9lH9dlxLq5MQBBgwuj4xvA==}
    engines: {node: '>=18'}
    cpu: [x64]
    os: [sunos]

  '@esbuild/win32-arm64@0.25.2':
    resolution: {integrity: sha512-7Loyjh+D/Nx/sOTzV8vfbB3GJuHdOQyrOryFdZvPHLf42Tk9ivBU5Aedi7iyX+x6rbn2Mh68T4qq1SDqJBQO5Q==}
    engines: {node: '>=18'}
    cpu: [arm64]
    os: [win32]

  '@esbuild/win32-ia32@0.25.2':
    resolution: {integrity: sha512-WRJgsz9un0nqZJ4MfhabxaD9Ft8KioqU3JMinOTvobbX6MOSUigSBlogP8QB3uxpJDsFS6yN+3FDBdqE5lg9kg==}
    engines: {node: '>=18'}
    cpu: [ia32]
    os: [win32]

  '@esbuild/win32-x64@0.25.2':
    resolution: {integrity: sha512-kM3HKb16VIXZyIeVrM1ygYmZBKybX8N4p754bw390wGO3Tf2j4L2/WYL+4suWujpgf6GBYs3jv7TyUivdd05JA==}
    engines: {node: '>=18'}
    cpu: [x64]
    os: [win32]

  '@ioredis/commands@1.2.0':
    resolution: {integrity: sha512-Sx1pU8EM64o2BrqNpEO1CNLtKQwyhuXuqyfH7oGKCk+1a33d2r5saW8zNwm3j6BTExtjrv2BxTgzzkMwts6vGg==}

  '@prisma/client@6.6.0':
    resolution: {integrity: sha512-vfp73YT/BHsWWOAuthKQ/1lBgESSqYqAWZEYyTdGXyFAHpmewwWL2Iz6ErIzkj4aHbuc6/cGSsE6ZY+pBO04Cg==}
    engines: {node: '>=18.18'}
    peerDependencies:
      prisma: '*'
      typescript: '>=5.1.0'
    peerDependenciesMeta:
      prisma:
        optional: true
      typescript:
        optional: true

  '@prisma/config@6.6.0':
    resolution: {integrity: sha512-d8FlXRHsx72RbN8nA2QCRORNv5AcUnPXgtPvwhXmYkQSMF/j9cKaJg+9VcUzBRXGy9QBckNzEQDEJZdEOZ+ubA==}

  '@prisma/debug@6.6.0':
    resolution: {integrity: sha512-DL6n4IKlW5k2LEXzpN60SQ1kP/F6fqaCgU/McgaYsxSf43GZ8lwtmXLke9efS+L1uGmrhtBUP4npV/QKF8s2ZQ==}

  '@prisma/engines-version@6.6.0-53.f676762280b54cd07c770017ed3711ddde35f37a':
    resolution: {integrity: sha512-JzRaQ5Em1fuEcbR3nUsMNYaIYrOT1iMheenjCvzZblJcjv/3JIuxXN7RCNT5i6lRkLodW5ojCGhR7n5yvnNKrw==}

  '@prisma/engines@6.6.0':
    resolution: {integrity: sha512-nC0IV4NHh7500cozD1fBoTwTD1ydJERndreIjpZr/S3mno3P6tm8qnXmIND5SwUkibNeSJMpgl4gAnlqJ/gVlg==}

  '@prisma/fetch-engine@6.6.0':
    resolution: {integrity: sha512-Ohfo8gKp05LFLZaBlPUApM0M7k43a0jmo86YY35u1/4t+vuQH9mRGU7jGwVzGFY3v+9edeb/cowb1oG4buM1yw==}

  '@prisma/get-platform@6.6.0':
    resolution: {integrity: sha512-3qCwmnT4Jh5WCGUrkWcc6VZaw0JY7eWN175/pcb5Z6FiLZZ3ygY93UX0WuV41bG51a6JN/oBH0uywJ90Y+V5eA==}

  '@types/node@22.14.0':
    resolution: {integrity: sha512-Kmpl+z84ILoG+3T/zQFyAJsU6EPTmOCj8/2+83fSN6djd6I4o7uOuGIH6vq3PrjY5BGitSbFuMN18j3iknubbA==}

  ansi-escapes@7.0.0:
    resolution: {integrity: sha512-GdYO7a61mR0fOlAsvC9/rIHf7L96sBc6dEWzeOu+KAea5bZyQRPIpojrVoI4AXGJS/ycu/fBTdLrUkA4ODrvjw==}
    engines: {node: '>=18'}

  ansi-regex@6.1.0:
    resolution: {integrity: sha512-7HSX4QQb4CspciLpVFwyRe79O3xsIZDDLER21kERQ71oaPodF8jL725AgJMFAYbooIqolJoRLuM81SpeUkpkvA==}
    engines: {node: '>=12'}

  ansi-styles@6.2.1:
    resolution: {integrity: sha512-bN798gFfQX+viw3R7yrGWRqnrN2oRkEkUjjl4JNn4E8GxxbjtG3FbrEIIY3l8/hrwUwIeCZvi4QuOTP4MErVug==}
    engines: {node: '>=12'}

  braces@3.0.3:
    resolution: {integrity: sha512-yQbXgO/OSZVD2IsiLlro+7Hf6Q18EJrKSEsdoMzKePKXct3gvD8oLcOQdIzGupr5Fj+EDe8gO/lxc1BzfMpxvA==}
    engines: {node: '>=8'}

  chalk@5.4.1:
    resolution: {integrity: sha512-zgVZuo2WcZgfUEmsn6eO3kINexW8RAE4maiQ8QNs8CtpPCSyMiYsULR3HQYkm3w8FIA3SberyMJMSldGsW+U3w==}
    engines: {node: ^12.17.0 || ^14.13 || >=16.0.0}

  cli-cursor@5.0.0:
    resolution: {integrity: sha512-aCj4O5wKyszjMmDT4tZj93kxyydN/K5zPWSCe6/0AV/AA1pqe5ZBIw0a2ZfPQV7lL5/yb5HsUreJ6UFAF1tEQw==}
    engines: {node: '>=18'}

  cli-truncate@4.0.0:
    resolution: {integrity: sha512-nPdaFdQ0h/GEigbPClz11D0v/ZJEwxmeVZGeMo3Z5StPtUTkA9o1lD6QwoirYiSDzbcwn2XcjwmCp68W1IS4TA==}
    engines: {node: '>=18'}

  cluster-key-slot@1.1.2:
    resolution: {integrity: sha512-RMr0FhtfXemyinomL4hrWcYJxmX6deFdCxpJzhDttxgO1+bcCnkk+9drydLVDmAMG7NE6aN/fl4F7ucU/90gAA==}
    engines: {node: '>=0.10.0'}

  colorette@2.0.20:
    resolution: {integrity: sha512-IfEDxwoWIjkeXL1eXcDiow4UbKjhLdq6/EuSVR9GMN7KVH3r9gQ83e73hsz1Nd1T3ijd5xv1wcWRYO+D6kCI2w==}

  commander@13.1.0:
    resolution: {integrity: sha512-/rFeCpNJQbhSZjGVwO9RFV3xPqbnERS8MmIQzCtD/zl6gpJuV/bMLuN92oG3F7d8oDEHHRrujSXNUr8fpjntKw==}
    engines: {node: '>=18'}

  cross-spawn@7.0.6:
    resolution: {integrity: sha512-uV2QOWP2nWzsy2aMp8aRibhi9dlzF5Hgh5SHaB9OiTGEyDTiJJyx0uy51QXdyWbtAHNua4XJzUKca3OzKUd3vA==}
    engines: {node: '>= 8'}

  debug@4.4.0:
    resolution: {integrity: sha512-6WTZ/IxCY/T6BALoZHaE4ctp9xm+Z5kY/pzYaCHRFeyVhojxlrm+46y68HA6hr0TcwEssoxNiDEUJQjfPZ/RYA==}
    engines: {node: '>=6.0'}
    peerDependencies:
      supports-color: '*'
    peerDependenciesMeta:
      supports-color:
        optional: true

  denque@2.1.0:
    resolution: {integrity: sha512-HVQE3AAb/pxF8fQAoiqpvg9i3evqug3hoiwakOyZAwJm+6vZehbkYXZ0l4JxS+I3QxM97v5aaRNhj8v5oBhekw==}
    engines: {node: '>=0.10'}

  dotenv@16.4.7:
    resolution: {integrity: sha512-47qPchRCykZC03FhkYAhrvwU4xDBFIj1QPqaarj6mdM/hgUzfPHcpkHJOn3mJAufFeeAxAzeGsr5X0M4k6fLZQ==}
    engines: {node: '>=12'}

  emoji-regex@10.4.0:
    resolution: {integrity: sha512-EC+0oUMY1Rqm4O6LLrgjtYDvcVYTy7chDnM4Q7030tP4Kwj3u/pR6gP9ygnp2CJMK5Gq+9Q2oqmrFJAz01DXjw==}

  environment@1.1.0:
    resolution: {integrity: sha512-xUtoPkMggbz0MPyPiIWr1Kp4aeWJjDZ6SMvURhimjdZgsRuDplF5/s9hcgGhyXMhs+6vpnuoiZ2kFiu3FMnS8Q==}
    engines: {node: '>=18'}

  esbuild-register@3.6.0:
    resolution: {integrity: sha512-H2/S7Pm8a9CL1uhp9OvjwrBh5Pvx0H8qVOxNu8Wed9Y7qv56MPtq+GGM8RJpq6glYJn9Wspr8uw7l55uyinNeg==}
    peerDependencies:
      esbuild: '>=0.12 <1'

  esbuild@0.25.2:
    resolution: {integrity: sha512-16854zccKPnC+toMywC+uKNeYSv+/eXkevRAfwRD/G9Cleq66m8XFIrigkbvauLLlCfDL45Q2cWegSg53gGBnQ==}
    engines: {node: '>=18'}
    hasBin: true

  eventemitter3@5.0.1:
    resolution: {integrity: sha512-GWkBvjiSZK87ELrYOSESUYeVIc9mvLLf/nXalMOS5dYrgZq9o5OVkbZAVM06CVxYsCwH9BDZFPlQTlPA1j4ahA==}

  execa@8.0.1:
    resolution: {integrity: sha512-VyhnebXciFV2DESc+p6B+y0LjSm0krU4OgJN44qFAhBY0TJ+1V61tYD2+wHusZ6F9n5K+vl8k0sTy7PEfV4qpg==}
    engines: {node: '>=16.17'}

  fill-range@7.1.1:
    resolution: {integrity: sha512-YsGpe3WHLK8ZYi4tWDg2Jy3ebRz2rXowDxnld4bkQB00cc/1Zw9AWnC0i9ztDJitivtQvaI9KaLyKrc+hBW0yg==}
    engines: {node: '>=8'}

  fsevents@2.3.3:
    resolution: {integrity: sha512-5xoDfX+fL7faATnagmWPpbFtwh/R77WmMMqqHGS65C3vvB0YHrgF+B1YmZ3441tMj5n63k0212XNoJwzlhffQw==}
    engines: {node: ^8.16.0 || ^10.6.0 || >=11.0.0}
    os: [darwin]

  get-east-asian-width@1.3.0:
    resolution: {integrity: sha512-vpeMIQKxczTD/0s2CdEWHcb0eeJe6TFjxb+J5xgX7hScxqrGuyjmv4c1D4A/gelKfyox0gJJwIHF+fLjeaM8kQ==}
    engines: {node: '>=18'}

  get-stream@8.0.1:
    resolution: {integrity: sha512-VaUJspBffn/LMCJVoMvSAdmscJyS1auj5Zulnn5UoYcY531UWmdwhRWkcGKnGU93m5HSXP9LP2usOryrBtQowA==}
    engines: {node: '>=16'}

  get-tsconfig@4.10.0:
    resolution: {integrity: sha512-kGzZ3LWWQcGIAmg6iWvXn0ei6WDtV26wzHRMwDSzmAbcXrTEXxHy6IehI6/4eT6VRKyMP1eF1VqwrVUmE/LR7A==}

  human-signals@5.0.0:
    resolution: {integrity: sha512-AXcZb6vzzrFAUE61HnN4mpLqd/cSIwNQjtNWR0euPm6y0iqx3G4gOXaIDdtdDwZmhwe82LA6+zinmW4UBWVePQ==}
    engines: {node: '>=16.17.0'}

  husky@9.1.7:
    resolution: {integrity: sha512-5gs5ytaNjBrh5Ow3zrvdUUY+0VxIuWVL4i9irt6friV+BqdCfmV11CQTWMiBYWHbXhco+J1kHfTOUkePhCDvMA==}
    engines: {node: '>=18'}
    hasBin: true

  ioredis@5.6.0:
    resolution: {integrity: sha512-tBZlIIWbndeWBWCXWZiqtOF/yxf6yZX3tAlTJ7nfo5jhd6dctNxF7QnYlZLZ1a0o0pDoen7CgZqO+zjNaFbJAg==}
    engines: {node: '>=12.22.0'}

  is-fullwidth-code-point@4.0.0:
    resolution: {integrity: sha512-O4L094N2/dZ7xqVdrXhh9r1KODPJpFms8B5sGdJLPy664AgvXsreZUyCQQNItZRDlYug4xStLjNp/sz3HvBowQ==}
    engines: {node: '>=12'}

  is-fullwidth-code-point@5.0.0:
    resolution: {integrity: sha512-OVa3u9kkBbw7b8Xw5F9P+D/T9X+Z4+JruYVNapTjPYZYUznQ5YfWeFkOj606XYYW8yugTfC8Pj0hYqvi4ryAhA==}
    engines: {node: '>=18'}

  is-number@7.0.0:
    resolution: {integrity: sha512-41Cifkg6e8TylSpdtTpeLVMqvSBEVzTttHvERD741+pnZ8ANv0004MRL43QKPDlK9cGvNp6NZWZUBlbGXYxxng==}
    engines: {node: '>=0.12.0'}

  is-stream@3.0.0:
    resolution: {integrity: sha512-LnQR4bZ9IADDRSkvpqMGvt/tEJWclzklNgSw48V5EAaAeDd6qGvN8ei6k5p0tvxSR171VmGyHuTiAOfxAbr8kA==}
    engines: {node: ^12.20.0 || ^14.13.1 || >=16.0.0}

  isexe@2.0.0:
    resolution: {integrity: sha512-RHxMLp9lnKHGHRng9QFhRCMbYAcVpn69smSGcq3f36xjgVVWThj4qqLbTLlq7Ssj8B+fIQ1EuCEGI2lKsyQeIw==}

  lavalink-client@2.5.0:
    resolution: {integrity: sha512-HWCnUKI8v5o2NeFjHOH/Yq+KI5h54Ra4XmUF223uoldhadGynHZS6ubleI9MYypsJ1jKyn2wLXMO1j7sPnGP7Q==}
    engines: {bun: '>=1.1.27', node: '>=18.0.0'}

  lilconfig@3.1.3:
    resolution: {integrity: sha512-/vlFKAoH5Cgt3Ie+JLhRbwOsCQePABiU3tJ1egGvyQ+33R/vcwM2Zl2QR/LzjsBeItPt3oSVXapn+m4nQDvpzw==}
    engines: {node: '>=14'}

  lint-staged@15.5.0:
    resolution: {integrity: sha512-WyCzSbfYGhK7cU+UuDDkzUiytbfbi0ZdPy2orwtM75P3WTtQBzmG40cCxIa8Ii2+XjfxzLH6Be46tUfWS85Xfg==}
    engines: {node: '>=18.12.0'}
    hasBin: true

  listr2@8.2.5:
    resolution: {integrity: sha512-iyAZCeyD+c1gPyE9qpFu8af0Y+MRtmKOncdGoA2S5EY8iFq99dmmvkNnHiWo+pj0s7yH7l3KPIgee77tKpXPWQ==}
    engines: {node: '>=18.0.0'}

  lodash.defaults@4.2.0:
    resolution: {integrity: sha512-qjxPLHd3r5DnsdGacqOMU6pb/avJzdh9tFX2ymgoZE27BmjXrNy/y4LoaiTeAb+O3gL8AfpJGtqfX/ae2leYYQ==}

  lodash.isarguments@3.1.0:
    resolution: {integrity: sha512-chi4NHZlZqZD18a0imDHnZPrDeBbTtVN7GXMwuGdRH9qotxAjYs3aVLKc7zNOG9eddR5Ksd8rvFEBc9SsggPpg==}

  log-update@6.1.0:
    resolution: {integrity: sha512-9ie8ItPR6tjY5uYJh8K/Zrv/RMZ5VOlOWvtZdEHYSTFKZfIBPQa9tOAEeAWhd+AnIneLJ22w5fjOYtoutpWq5w==}
    engines: {node: '>=18'}

  meowdb@2.2.3:
    resolution: {integrity: sha512-D2Arz1yZtJ40vWFmUblMKPyuvzXbdKJ5DTMmsnWNRBR0AeFd7eI/oqDXD5tsyHSH7W2jm1i1Y39bD6eTKrdMAA==}

  merge-stream@2.0.0:
    resolution: {integrity: sha512-abv/qOcuPfk3URPfDzmZU1LKmuw8kT+0nIHvKrKgFrwifol/doWcdA4ZqsWQ8ENrFKkd67Mfpo/LovbIUsbt3w==}

  micromatch@4.0.8:
    resolution: {integrity: sha512-PXwfBhYu0hBCPw8Dn0E+WDYb7af3dSLVWKi3HGv84IdF4TyFoC0ysxFd0Goxw7nSv4T/PzEJQxsYsEiFCKo2BA==}
    engines: {node: '>=8.6'}

  mimic-fn@4.0.0:
    resolution: {integrity: sha512-vqiC06CuhBTUdZH+RYl8sFrL096vA45Ok5ISO6sE/Mr1jRbGH4Csnhi8f3wKVl7x8mO4Au7Ir9D3Oyv1VYMFJw==}
    engines: {node: '>=12'}

  mimic-function@5.0.1:
    resolution: {integrity: sha512-VP79XUPxV2CigYP3jWwAUFSku2aKqBH7uTAapFWCBqutsbmDo96KY5o8uh6U+/YSIn5OxJnXp73beVkpqMIGhA==}
    engines: {node: '>=18'}

  ms@2.1.3:
    resolution: {integrity: sha512-6FlzubTLZG3J2a/NVCAleEhjzq5oxgHyaCU9yYXvcLsvoVaHJq/s5xXI6/XXP6tz7R9xAOtHnSO/tXtF3WRTlA==}

  npm-run-path@5.3.0:
    resolution: {integrity: sha512-ppwTtiJZq0O/ai0z7yfudtBpWIoxM8yE6nHi1X47eFR2EWORqfbu6CnPlNsjeN683eT0qG6H/Pyf9fCcvjnnnQ==}
    engines: {node: ^12.20.0 || ^14.13.1 || >=16.0.0}

  onetime@6.0.0:
    resolution: {integrity: sha512-1FlR+gjXK7X+AsAHso35MnyN5KqGwJRi/31ft6x0M194ht7S+rWAvd7PHss9xSKMzE0asv1pyIHaJYq+BbacAQ==}
    engines: {node: '>=12'}

  onetime@7.0.0:
    resolution: {integrity: sha512-VXJjc87FScF88uafS3JllDgvAm+c/Slfz06lorj2uAY34rlUu0Nt+v8wreiImcrgAjjIHp1rXpTDlLOGw29WwQ==}
    engines: {node: '>=18'}

  path-key@3.1.1:
    resolution: {integrity: sha512-ojmeN0qd+y0jszEtoY48r0Peq5dwMEkIlCOu6Q5f41lfkswXuKtYrhgoTpLnyIcHm24Uhqx+5Tqm2InSwLhE6Q==}
    engines: {node: '>=8'}

  path-key@4.0.0:
    resolution: {integrity: sha512-haREypq7xkM7ErfgIyA0z+Bj4AGKlMSdlQE2jvJo6huWD1EdkKYV+G/T4nq0YEF2vgTT8kqMFKo1uHn950r4SQ==}
    engines: {node: '>=12'}

  picomatch@2.3.1:
    resolution: {integrity: sha512-JU3teHTNjmE2VCGFzuY8EXzCDVwEqB2a8fsIvwaStHhAWJEeVd1o1QD80CU6+ZdEXXSLbSsuLwJjkCBWqRQUVA==}
    engines: {node: '>=8.6'}

  pidtree@0.6.0:
    resolution: {integrity: sha512-eG2dWTVw5bzqGRztnHExczNxt5VGsE6OwTeCG3fdUf9KBsZzO3R5OIIIzWR+iZA0NtZ+RDVdaoE2dK1cn6jH4g==}
    engines: {node: '>=0.10'}
    hasBin: true

  prisma@6.6.0:
    resolution: {integrity: sha512-SYCUykz+1cnl6Ugd8VUvtTQq5+j1Q7C0CtzKPjQ8JyA2ALh0EEJkMCS+KgdnvKW1lrxjtjCyJSHOOT236mENYg==}
    engines: {node: '>=18.18'}
    hasBin: true
    peerDependencies:
      typescript: '>=5.1.0'
    peerDependenciesMeta:
      typescript:
        optional: true

  redis-errors@1.2.0:
    resolution: {integrity: sha512-1qny3OExCf0UvUV/5wpYKf2YwPcOqXzkwKKSmKHiE6ZMQs5heeE/c8eXK+PNllPvmjgAbfnsbpkGZWy8cBpn9w==}
    engines: {node: '>=4'}

  redis-parser@3.0.0:
    resolution: {integrity: sha512-DJnGAeenTdpMEH6uAJRK/uiyEIH9WVsUmoLwzudwGJUwZPp80PDBWPHXSAGNPwNvIXAbe7MSUB1zQFugFml66A==}
    engines: {node: '>=4'}

  resolve-pkg-maps@1.0.0:
    resolution: {integrity: sha512-seS2Tj26TBVOC2NIc2rOe2y2ZO7efxITtLZcGSOnHHNOQ7CkiUBfw0Iw2ck6xkIhPwLhKNLS8BO+hEpngQlqzw==}

  restore-cursor@5.1.0:
    resolution: {integrity: sha512-oMA2dcrw6u0YfxJQXm342bFKX/E4sG9rbTzO9ptUcR/e8A33cHuvStiYOwH7fszkZlZ1z/ta9AAoPk2F4qIOHA==}
    engines: {node: '>=18'}

  rfdc@1.4.1:
    resolution: {integrity: sha512-q1b3N5QkRUWUl7iyylaaj3kOpIT0N2i9MqIEQXP73GVsN9cw3fdx8X63cEmWhJGi2PPCF23Ijp7ktmd39rawIA==}

  seyfert@https://codeload.github.com/tiramisulabs/seyfert/tar.gz/b00076df23e35d1ed7af731fe877d660a5c55685:
    resolution: {tarball: https://codeload.github.com/tiramisulabs/seyfert/tar.gz/b00076df23e35d1ed7af731fe877d660a5c55685}
    version: 2.2.0

  shebang-command@2.0.0:
    resolution: {integrity: sha512-kHxr2zZpYtdmrN1qDjrrX/Z1rR1kG8Dx+gkpK1G4eXmvXswmcE1hTWBWYUzlraYw1/yZp6YuDY77YtvbN0dmDA==}
    engines: {node: '>=8'}

  shebang-regex@3.0.0:
    resolution: {integrity: sha512-7++dFhtcx3353uBaq8DDR4NuxBetBzC7ZQOhmTQInHEd6bSrXdiEyzCvG07Z44UYdLShWUyXt5M/yhz8ekcb1A==}
    engines: {node: '>=8'}

  signal-exit@4.1.0:
    resolution: {integrity: sha512-bzyZ1e88w9O1iNJbKnOlvYTrWPDl46O1bG0D3XInv+9tkPrxrN8jUUTiFlDkkmKWgn1M6CfIA13SuGqOa9Korw==}
    engines: {node: '>=14'}

  slice-ansi@5.0.0:
    resolution: {integrity: sha512-FC+lgizVPfie0kkhqUScwRu1O/lF6NOgJmlCgK+/LYxDCTk8sGelYaHDhFcDN+Sn3Cv+3VSa4Byeo+IMCzpMgQ==}
    engines: {node: '>=12'}

  slice-ansi@7.1.0:
    resolution: {integrity: sha512-bSiSngZ/jWeX93BqeIAbImyTbEihizcwNjFoRUIY/T1wWQsfsm2Vw1agPKylXvQTU7iASGdHhyqRlqQzfz+Htg==}
    engines: {node: '>=18'}

  standard-as-callback@2.1.0:
    resolution: {integrity: sha512-qoRRSyROncaz1z0mvYqIE4lCd9p2R90i6GxW3uZv5ucSu8tU7B5HXUP1gG8pVZsYNVaXjk8ClXHPttLyxAL48A==}

  string-argv@0.3.2:
    resolution: {integrity: sha512-aqD2Q0144Z+/RqG52NeHEkZauTAUWJO8c6yTftGJKO3Tja5tUgIfmIl6kExvhtxSDP7fXB6DvzkfMpCd/F3G+Q==}
    engines: {node: '>=0.6.19'}

  string-width@7.2.0:
    resolution: {integrity: sha512-tsaTIkKW9b4N+AEj+SVA+WhJzV7/zMhcSu78mLKWSk7cXMOSHsBKFWUs0fWwq8QyK3MgJBQRX6Gbi4kYbdvGkQ==}
    engines: {node: '>=18'}

  strip-ansi@7.1.0:
    resolution: {integrity: sha512-iq6eVVI64nQQTRYq2KtEg2d2uU7LElhTJwsH4YzIHZshxlgZms/wIc4VoDQTlG/IvVIrBKG06CrZnp0qv7hkcQ==}
    engines: {node: '>=12'}

  strip-final-newline@3.0.0:
    resolution: {integrity: sha512-dOESqjYr96iWYylGObzd39EuNTa5VJxyvVAEm5Jnh7KGo75V43Hk1odPQkNDyXNmUR6k+gEiDVXnjB8HJ3crXw==}
    engines: {node: '>=12'}

  to-regex-range@5.0.1:
    resolution: {integrity: sha512-65P7iz6X5yEr1cwcgvQxbbIw7Uk3gOy5dIdtZ4rDveLqhrdJP+Li/Hx6tyK0NEb+2GCyneCMJiGqrADCSNk8sQ==}
    engines: {node: '>=8.0'}

  tslib@2.8.1:
    resolution: {integrity: sha512-oJFu94HQb+KVduSUQL7wnpmqnfmLsOA/nAh6b6EH0wCEoK0/mPeXU6c3wKDV83MkOuHPRHtSXKKU99IBazS/2w==}

  tsx@4.19.3:
    resolution: {integrity: sha512-4H8vUNGNjQ4V2EOoGw005+c+dGuPSnhpPBPHBtsZdGZBk/iJb4kguGlPWaZTZ3q5nMtFOEsY0nRDlh9PJyd6SQ==}
    engines: {node: '>=18.0.0'}
    hasBin: true

  typescript@5.8.3:
    resolution: {integrity: sha512-p1diW6TqL9L07nNxvRMM7hMMw4c5XOo/1ibL4aAIGmSAt9slTE1Xgw5KWuof2uTOvCg9BY7ZRi+GaF+7sfgPeQ==}
    engines: {node: '>=14.17'}
    hasBin: true

  undici-types@6.21.0:
    resolution: {integrity: sha512-iwDZqg0QAGrg9Rav5H4n0M64c3mkR59cJ6wQp+7C4nI0gsmExaedaYLNO44eT4AtBBwjbTiGPMlt2Md0T9H9JQ==}

  which@2.0.2:
    resolution: {integrity: sha512-BLI3Tl1TW3Pvl70l3yq3Y64i+awpwXqsGBYWkkqMtnbXgrMD+yj7rhW0kuEDxzJaYXGjEW5ogapKNMEKNMjibA==}
    engines: {node: '>= 8'}
    hasBin: true

  wrap-ansi@9.0.0:
    resolution: {integrity: sha512-G8ura3S+3Z2G+mkgNRq8dqaFZAuxfsxpBB8OCTGRTCtp+l/v9nbFNmCUP1BZMts3G1142MsZfn6eeUKrr4PD1Q==}
    engines: {node: '>=18'}

  ws@8.18.1:
    resolution: {integrity: sha512-RKW2aJZMXeMxVpnZ6bck+RswznaxmzdULiBr6KY7XkTnW8uvt0iT9H5DkHUChXrc+uurzwa0rVI16n/Xzjdz1w==}
    engines: {node: '>=10.0.0'}
    peerDependencies:
      bufferutil: ^4.0.1
      utf-8-validate: '>=5.0.2'
    peerDependenciesMeta:
      bufferutil:
        optional: true
      utf-8-validate:
        optional: true

  yaml@2.7.1:
    resolution: {integrity: sha512-10ULxpnOCQXxJvBgxsn9ptjq6uviG/htZKk9veJGhlqn3w/DxQ631zFF+nlQXLwmImeS5amR2dl2U8sg6U9jsQ==}
    engines: {node: '>= 14'}
    hasBin: true

  yunaforseyfert@1.1.0:
    resolution: {integrity: sha512-eWNk9IKqdoQ3pmxRWv6fpNgM0zvysoFGKY0LstdhaLHzBW9Jq6P9W9lr3NmMiak0Gr5XGvK9Woez7Q7+7Zfo4Q==}

snapshots:

  '@biomejs/biome@1.9.4':
    optionalDependencies:
      '@biomejs/cli-darwin-arm64': 1.9.4
      '@biomejs/cli-darwin-x64': 1.9.4
      '@biomejs/cli-linux-arm64': 1.9.4
      '@biomejs/cli-linux-arm64-musl': 1.9.4
      '@biomejs/cli-linux-x64': 1.9.4
      '@biomejs/cli-linux-x64-musl': 1.9.4
      '@biomejs/cli-win32-arm64': 1.9.4
      '@biomejs/cli-win32-x64': 1.9.4

  '@biomejs/cli-darwin-arm64@1.9.4':
    optional: true

  '@biomejs/cli-darwin-x64@1.9.4':
    optional: true

  '@biomejs/cli-linux-arm64-musl@1.9.4':
    optional: true

  '@biomejs/cli-linux-arm64@1.9.4':
    optional: true

  '@biomejs/cli-linux-x64-musl@1.9.4':
    optional: true

  '@biomejs/cli-linux-x64@1.9.4':
    optional: true

  '@biomejs/cli-win32-arm64@1.9.4':
    optional: true

  '@biomejs/cli-win32-x64@1.9.4':
    optional: true

  '@esbuild/aix-ppc64@0.25.2':
    optional: true

  '@esbuild/android-arm64@0.25.2':
    optional: true

  '@esbuild/android-arm@0.25.2':
    optional: true

  '@esbuild/android-x64@0.25.2':
    optional: true

  '@esbuild/darwin-arm64@0.25.2':
    optional: true

  '@esbuild/darwin-x64@0.25.2':
    optional: true

  '@esbuild/freebsd-arm64@0.25.2':
    optional: true

  '@esbuild/freebsd-x64@0.25.2':
    optional: true

  '@esbuild/linux-arm64@0.25.2':
    optional: true

  '@esbuild/linux-arm@0.25.2':
    optional: true

  '@esbuild/linux-ia32@0.25.2':
    optional: true

  '@esbuild/linux-loong64@0.25.2':
    optional: true

  '@esbuild/linux-mips64el@0.25.2':
    optional: true

  '@esbuild/linux-ppc64@0.25.2':
    optional: true

  '@esbuild/linux-riscv64@0.25.2':
    optional: true

  '@esbuild/linux-s390x@0.25.2':
    optional: true

  '@esbuild/linux-x64@0.25.2':
    optional: true

  '@esbuild/netbsd-arm64@0.25.2':
    optional: true

  '@esbuild/netbsd-x64@0.25.2':
    optional: true

  '@esbuild/openbsd-arm64@0.25.2':
    optional: true

  '@esbuild/openbsd-x64@0.25.2':
    optional: true

  '@esbuild/sunos-x64@0.25.2':
    optional: true

  '@esbuild/win32-arm64@0.25.2':
    optional: true

  '@esbuild/win32-ia32@0.25.2':
    optional: true

  '@esbuild/win32-x64@0.25.2':
    optional: true

  '@ioredis/commands@1.2.0': {}

  '@prisma/client@6.6.0(prisma@6.6.0(typescript@5.8.3))(typescript@5.8.3)':
    optionalDependencies:
      prisma: 6.6.0(typescript@5.8.3)
      typescript: 5.8.3

  '@prisma/config@6.6.0':
    dependencies:
      esbuild: 0.25.2
      esbuild-register: 3.6.0(esbuild@0.25.2)
    transitivePeerDependencies:
      - supports-color

  '@prisma/debug@6.6.0': {}

  '@prisma/engines-version@6.6.0-53.f676762280b54cd07c770017ed3711ddde35f37a': {}

  '@prisma/engines@6.6.0':
    dependencies:
      '@prisma/debug': 6.6.0
      '@prisma/engines-version': 6.6.0-53.f676762280b54cd07c770017ed3711ddde35f37a
      '@prisma/fetch-engine': 6.6.0
      '@prisma/get-platform': 6.6.0

  '@prisma/fetch-engine@6.6.0':
    dependencies:
      '@prisma/debug': 6.6.0
      '@prisma/engines-version': 6.6.0-53.f676762280b54cd07c770017ed3711ddde35f37a
      '@prisma/get-platform': 6.6.0

  '@prisma/get-platform@6.6.0':
    dependencies:
      '@prisma/debug': 6.6.0

  '@types/node@22.14.0':
    dependencies:
      undici-types: 6.21.0

  ansi-escapes@7.0.0:
    dependencies:
      environment: 1.1.0

  ansi-regex@6.1.0: {}

  ansi-styles@6.2.1: {}

  braces@3.0.3:
    dependencies:
      fill-range: 7.1.1

  chalk@5.4.1: {}

  cli-cursor@5.0.0:
    dependencies:
      restore-cursor: 5.1.0

  cli-truncate@4.0.0:
    dependencies:
      slice-ansi: 5.0.0
      string-width: 7.2.0

  cluster-key-slot@1.1.2: {}

  colorette@2.0.20: {}

  commander@13.1.0: {}

  cross-spawn@7.0.6:
    dependencies:
      path-key: 3.1.1
      shebang-command: 2.0.0
      which: 2.0.2

  debug@4.4.0:
    dependencies:
      ms: 2.1.3

  denque@2.1.0: {}

  dotenv@16.4.7: {}

  emoji-regex@10.4.0: {}

  environment@1.1.0: {}

  esbuild-register@3.6.0(esbuild@0.25.2):
    dependencies:
      debug: 4.4.0
      esbuild: 0.25.2
    transitivePeerDependencies:
      - supports-color

  esbuild@0.25.2:
    optionalDependencies:
      '@esbuild/aix-ppc64': 0.25.2
      '@esbuild/android-arm': 0.25.2
      '@esbuild/android-arm64': 0.25.2
      '@esbuild/android-x64': 0.25.2
      '@esbuild/darwin-arm64': 0.25.2
      '@esbuild/darwin-x64': 0.25.2
      '@esbuild/freebsd-arm64': 0.25.2
      '@esbuild/freebsd-x64': 0.25.2
      '@esbuild/linux-arm': 0.25.2
      '@esbuild/linux-arm64': 0.25.2
      '@esbuild/linux-ia32': 0.25.2
      '@esbuild/linux-loong64': 0.25.2
      '@esbuild/linux-mips64el': 0.25.2
      '@esbuild/linux-ppc64': 0.25.2
      '@esbuild/linux-riscv64': 0.25.2
      '@esbuild/linux-s390x': 0.25.2
      '@esbuild/linux-x64': 0.25.2
      '@esbuild/netbsd-arm64': 0.25.2
      '@esbuild/netbsd-x64': 0.25.2
      '@esbuild/openbsd-arm64': 0.25.2
      '@esbuild/openbsd-x64': 0.25.2
      '@esbuild/sunos-x64': 0.25.2
      '@esbuild/win32-arm64': 0.25.2
      '@esbuild/win32-ia32': 0.25.2
      '@esbuild/win32-x64': 0.25.2

  eventemitter3@5.0.1: {}

  execa@8.0.1:
    dependencies:
      cross-spawn: 7.0.6
      get-stream: 8.0.1
      human-signals: 5.0.0
      is-stream: 3.0.0
      merge-stream: 2.0.0
      npm-run-path: 5.3.0
      onetime: 6.0.0
      signal-exit: 4.1.0
      strip-final-newline: 3.0.0

  fill-range@7.1.1:
    dependencies:
      to-regex-range: 5.0.1

  fsevents@2.3.3:
    optional: true

  get-east-asian-width@1.3.0: {}

  get-stream@8.0.1: {}

  get-tsconfig@4.10.0:
    dependencies:
      resolve-pkg-maps: 1.0.0

  human-signals@5.0.0: {}

  husky@9.1.7: {}

  ioredis@5.6.0:
    dependencies:
      '@ioredis/commands': 1.2.0
      cluster-key-slot: 1.1.2
      debug: 4.4.0
      denque: 2.1.0
      lodash.defaults: 4.2.0
      lodash.isarguments: 3.1.0
      redis-errors: 1.2.0
      redis-parser: 3.0.0
      standard-as-callback: 2.1.0
    transitivePeerDependencies:
      - supports-color

  is-fullwidth-code-point@4.0.0: {}

  is-fullwidth-code-point@5.0.0:
    dependencies:
      get-east-asian-width: 1.3.0

  is-number@7.0.0: {}

  is-stream@3.0.0: {}

  isexe@2.0.0: {}

  lavalink-client@2.5.0:
    dependencies:
      tslib: 2.8.1
      ws: 8.18.1
    transitivePeerDependencies:
      - bufferutil
      - utf-8-validate

  lilconfig@3.1.3: {}

  lint-staged@15.5.0:
    dependencies:
      chalk: 5.4.1
      commander: 13.1.0
      debug: 4.4.0
      execa: 8.0.1
      lilconfig: 3.1.3
      listr2: 8.2.5
      micromatch: 4.0.8
      pidtree: 0.6.0
      string-argv: 0.3.2
      yaml: 2.7.1
    transitivePeerDependencies:
      - supports-color

  listr2@8.2.5:
    dependencies:
      cli-truncate: 4.0.0
      colorette: 2.0.20
      eventemitter3: 5.0.1
      log-update: 6.1.0
      rfdc: 1.4.1
      wrap-ansi: 9.0.0

  lodash.defaults@4.2.0: {}

  lodash.isarguments@3.1.0: {}

  log-update@6.1.0:
    dependencies:
      ansi-escapes: 7.0.0
      cli-cursor: 5.0.0
      slice-ansi: 7.1.0
      strip-ansi: 7.1.0
      wrap-ansi: 9.0.0

  meowdb@2.2.3: {}

  merge-stream@2.0.0: {}

  micromatch@4.0.8:
    dependencies:
      braces: 3.0.3
      picomatch: 2.3.1

  mimic-fn@4.0.0: {}

  mimic-function@5.0.1: {}

  ms@2.1.3: {}

  npm-run-path@5.3.0:
    dependencies:
      path-key: 4.0.0

  onetime@6.0.0:
    dependencies:
      mimic-fn: 4.0.0

  onetime@7.0.0:
    dependencies:
      mimic-function: 5.0.1

  path-key@3.1.1: {}

  path-key@4.0.0: {}

  picomatch@2.3.1: {}

  pidtree@0.6.0: {}

  prisma@6.6.0(typescript@5.8.3):
    dependencies:
      '@prisma/config': 6.6.0
      '@prisma/engines': 6.6.0
    optionalDependencies:
      fsevents: 2.3.3
      typescript: 5.8.3
    transitivePeerDependencies:
      - supports-color

  redis-errors@1.2.0: {}

  redis-parser@3.0.0:
    dependencies:
      redis-errors: 1.2.0

  resolve-pkg-maps@1.0.0: {}

  restore-cursor@5.1.0:
    dependencies:
      onetime: 7.0.0
      signal-exit: 4.1.0

  rfdc@1.4.1: {}

  seyfert@https://codeload.github.com/tiramisulabs/seyfert/tar.gz/b00076df23e35d1ed7af731fe877d660a5c55685: {}

  shebang-command@2.0.0:
    dependencies:
      shebang-regex: 3.0.0

  shebang-regex@3.0.0: {}

  signal-exit@4.1.0: {}

  slice-ansi@5.0.0:
    dependencies:
      ansi-styles: 6.2.1
      is-fullwidth-code-point: 4.0.0

  slice-ansi@7.1.0:
    dependencies:
      ansi-styles: 6.2.1
      is-fullwidth-code-point: 5.0.0

  standard-as-callback@2.1.0: {}

  string-argv@0.3.2: {}

  string-width@7.2.0:
    dependencies:
      emoji-regex: 10.4.0
      get-east-asian-width: 1.3.0
      strip-ansi: 7.1.0

  strip-ansi@7.1.0:
    dependencies:
      ansi-regex: 6.1.0

  strip-final-newline@3.0.0: {}

  to-regex-range@5.0.1:
    dependencies:
      is-number: 7.0.0

  tslib@2.8.1: {}

  tsx@4.19.3:
    dependencies:
      esbuild: 0.25.2
      get-tsconfig: 4.10.0
    optionalDependencies:
      fsevents: 2.3.3

  typescript@5.8.3: {}

  undici-types@6.21.0: {}

  which@2.0.2:
    dependencies:
      isexe: 2.0.0

  wrap-ansi@9.0.0:
    dependencies:
      ansi-styles: 6.2.1
      string-width: 7.2.0
      strip-ansi: 7.1.0

  ws@8.18.1: {}

  yaml@2.7.1: {}

  yunaforseyfert@1.1.0: {}
